{
  "version": 4,
  "terraform_version": "1.15.8",
  "serial": 285,
  "lineage": "4f744d9b-33ca-1d3b-d42f-eff46b74ac79",
  "outputs": {
    "instances": {
      "value": {
        "3x-node": {
          "name": "3x-node"
        },
        "3x-ui": {
          "name": "3x-ui"
        },
        "spring-backend": {
          "name": "spring-backend"
        }
      },
      "type": [
        "object",
        {
          "3x-node": [
            "object",
            {
              "name": "string"
            }
          ],
          "3x-ui": [
            "object",
            {
              "name": "string"
            }
          ],
          "spring-backend": [
            "object",
            {
              "name": "string"
            }
          ]
        }
      ]
    }
  },
  "resources": [
    {
      "mode": "managed",
      "type": "docker_network",
      "name": "molecule_network",
      "provider": "provider[\"registry.terraform.io/kreuzwerker/docker\"]",
      "instances": [
        {
          "schema_version": 1,
          "attributes": {
            "attachable": false,
            "driver": "bridge",
            "id": "a41baf165ab451a5173d9022fe3a26807d23991585130a0fe81f71f3e0f52952",
            "ingress": false,
            "internal": false,
            "ipam_config": [
              {
                "aux_address": {},
                "gateway": "172.18.0.1",
                "ip_range": "",
                "subnet": "172.18.0.0/16"
              }
            ],
            "ipam_driver": "default",
            "ipam_options": null,
            "ipv6": false,
            "labels": [],
            "name": "molecule",
            "options": {
              "com.docker.network.enable_ipv4": "true",
              "com.docker.network.enable_ipv6": "false"
            },
            "scope": "local"
          },
          "sensitive_attributes": [],
          "identity_schema_version": 0,
          "private": "eyJzY2hlbWFfdmVyc2lvbiI6IjEifQ=="
        }
      ]
    },
    {
      "module": "module.nodes[0]",
      "mode": "managed",
      "type": "docker_container",
      "name": "vps_test_container",
      "provider": "provider[\"registry.terraform.io/kreuzwerker/docker\"]",
      "instances": [
        {
          "schema_version": 2,
          "attributes": {
            "attach": false,
            "bridge": "",
            "capabilities": [],
            "cgroup_parent": null,
            "cgroupns_mode": "host",
            "command": [
              "/lib/systemd/systemd"
            ],
            "container_logs": null,
            "container_read_refresh_timeout_milliseconds": 15000,
            "cpu_period": null,
            "cpu_quota": null,
            "cpu_set": "",
            "cpu_shares": 0,
            "cpus": null,
            "destroy_grace_seconds": null,
            "device_cgroup_rules": null,
            "device_read_bps": [],
            "device_read_iops": [],
            "device_requests": [],
            "device_write_bps": [],
            "device_write_iops": [],
            "devices": [],
            "dns": null,
            "dns_opts": null,
            "dns_search": null,
            "domainname": "",
            "entrypoint": [],
            "env": [],
            "exit_code": null,
            "gpus": null,
            "group_add": null,
            "healthcheck": null,
            "host": [],
            "hostname": "4359f3057150",
            "id": "4359f30571501c79516dd922c1196d3b61563e9fb5ef1effda2229afcf0d9b71",
            "image": "sha256:0172e3b586fc316491b5ac080e6b24c5f66cde985c27c625025f13f66a8cd21f",
            "init": false,
            "ipc_mode": "private",
            "labels": [],
            "log_driver": "json-file",
            "log_opts": null,
            "logs": false,
            "max_retry_count": 0,
            "memory": 0,
            "memory_reservation": 0,
            "memory_swap": 0,
            "mounts": [],
            "must_run": true,
            "name": "3x-node",
            "network_data": [
              {
                "gateway": "172.18.0.1",
                "global_ipv6_address": "",
                "global_ipv6_prefix_length": 0,
                "ip_address": "172.18.0.3",
                "ip_prefix_length": 16,
                "ipv6_gateway": "",
                "mac_address": "3a:a9:06:b7:70:1c",
                "network_name": "molecule"
              }
            ],
            "network_mode": "bridge",
            "networks_advanced": [
              {
                "aliases": [],
                "driver_opts": [],
                "gw_priority": null,
                "ipv4_address": "",
                "ipv6_address": "",
                "link_local_ips": [],
                "mac_address": "",
                "name": "a41baf165ab451a5173d9022fe3a26807d23991585130a0fe81f71f3e0f52952"
              }
            ],
            "pid_mode": null,
            "platform": "linux",
            "ports": [
              {
                "external": 32802,
                "internal": 443,
                "ip": "0.0.0.0",
                "protocol": "tcp"
              }
            ],
            "privileged": true,
            "publish_all_ports": false,
            "read_only": false,
            "remove_volumes": true,
            "restart": "no",
            "rm": false,
            "runtime": "runc",
            "security_opts": [
              "label=disable"
            ],
            "shm_size": 64,
            "start": true,
            "stdin_open": false,
            "stop_signal": "",
            "stop_timeout": 0,
            "storage_opts": null,
            "sysctls": null,
            "timeouts": null,
            "tmpfs": null,
            "tty": false,
            "ulimit": [],
            "upload": [],
            "user": "",
            "userns_mode": "",
            "volumes": [
              {
                "container_path": "/sys/fs/cgroup",
                "from_container": "",
                "host_path": "/sys/fs/cgroup",
                "read_only": false,
                "selinux_relabel": "",
                "volume_name": ""
              },
              {
                "container_path": "/var/run/docker.sock",
                "from_container": "",
                "host_path": "/var/run/docker.sock",
                "read_only": null,
                "selinux_relabel": "",
                "volume_name": ""
              }
            ],
            "wait": false,
            "wait_timeout": 60,
            "working_dir": ""
          },
          "sensitive_attributes": [],
          "identity_schema_version": 0,
          "private": "eyJlMmJmYjczMC1lY2FhLTExZTYtOGY4OC0zNDM2M2JjN2M0YzAiOnsiY3JlYXRlIjoxMjAwMDAwMDAwMDAwLCJkZWxldGUiOjEyMDAwMDAwMDAwMDAsInVwZGF0ZSI6MTIwMDAwMDAwMDAwMH0sInNjaGVtYV92ZXJzaW9uIjoiMiJ9",
          "dependencies": [
            "docker_network.molecule_network",
            "module.nodes.docker_image.ubuntu_ansible"
          ]
        }
      ]
    },
    {
      "module": "module.nodes[0]",
      "mode": "managed",
      "type": "docker_image",
      "name": "ubuntu_ansible",
      "provider": "provider[\"registry.terraform.io/kreuzwerker/docker\"]",
      "instances": [
        {
          "schema_version": 0,
          "attributes": {
            "build": [],
            "force_remove": true,
            "id": "sha256:0172e3b586fc316491b5ac080e6b24c5f66cde985c27c625025f13f66a8cd21fgeerlingguy/docker-ubuntu2204-ansible:latest",
            "image_id": "sha256:0172e3b586fc316491b5ac080e6b24c5f66cde985c27c625025f13f66a8cd21f",
            "keep_locally": null,
            "name": "geerlingguy/docker-ubuntu2204-ansible:latest",
            "platform": null,
            "pull_triggers": null,
            "repo_digest": "geerlingguy/docker-ubuntu2204-ansible@sha256:0172e3b586fc316491b5ac080e6b24c5f66cde985c27c625025f13f66a8cd21f",
            "timeouts": null,
            "triggers": null
          },
          "sensitive_attributes": [],
          "identity_schema_version": 0,
          "private": "eyJlMmJmYjczMC1lY2FhLTExZTYtOGY4OC0zNDM2M2JjN2M0YzAiOnsiY3JlYXRlIjoxMjAwMDAwMDAwMDAwLCJkZWxldGUiOjEyMDAwMDAwMDAwMDAsInVwZGF0ZSI6MTIwMDAwMDAwMDAwMH19"
        }
      ]
    },
    {
      "module": "module.nodes[0]",
      "mode": "managed",
      "type": "local_file",
      "name": "ansible_inventory",
      "provider": "provider[\"registry.terraform.io/hashicorp/local\"]",
      "instances": [
        {
          "schema_version": 0,
          "attributes": {
            "content": "\"all\":\n  \"children\":\n    \"3x-nodes\":\n      \"hosts\":\n        \"3x-node\":\n          \"ansible_host\": \"127.0.0.1\"\n          \"ansible_port\": 32802\n",
            "content_base64": null,
            "content_base64sha256": "EylGBah8B4j+OkfiC18xfDJBA0CinsyM/S84KsrO998=",
            "content_base64sha512": "FeqNdAGQa8WprJxgaeDafux33SLYTHMAb9AM1VntvRiPpYihBQgZ4ACbNEUzoCRNx3Azah5d1j8pgZi7vjzIgA==",
            "content_md5": "c4ea88b0bca1882e24c6a9dff6c86e20",
            "content_sha1": "0c756b0f8258fa249ce48470e64b5cd232ad4115",
            "content_sha256": "13294605a87c0788fe3a47e20b5f317c32410340a29ecc8cfd2f382acacef7df",
            "content_sha512": "15ea8d7401906bc5a9ac9c6069e0da7eec77dd22d84c73006fd00cd559edbd188fa588a1050819e0009b344533a0244dc770336a1e5dd63f298198bbbe3cc880",
            "directory_permission": "0777",
            "file_permission": "0777",
            "filename": "modules/nodes/../../ansible/inventory/terraform_hosts.yml",
            "id": "0c756b0f8258fa249ce48470e64b5cd232ad4115",
            "sensitive_content": null,
            "source": null
          },
          "sensitive_attributes": [
            [
              {
                "type": "get_attr",
                "value": "sensitive_content"
              }
            ]
          ],
          "identity_schema_version": 0,
          "dependencies": [
            "docker_network.molecule_network",
            "module.nodes.docker_container.vps_test_container",
            "module.nodes.docker_image.ubuntu_ansible"
          ]
        }
      ]
    },
    {
      "module": "module.panel[0]",
      "mode": "managed",
      "type": "docker_container",
      "name": "vps_test_container",
      "provider": "provider[\"registry.terraform.io/kreuzwerker/docker\"]",
      "instances": [
        {
          "schema_version": 2,
          "attributes": {
            "attach": false,
            "bridge": "",
            "capabilities": [],
            "cgroup_parent": null,
            "cgroupns_mode": "host",
            "command": [
              "/lib/systemd/systemd"
            ],
            "container_logs": null,
            "container_read_refresh_timeout_milliseconds": 15000,
            "cpu_period": null,
            "cpu_quota": null,
            "cpu_set": "",
            "cpu_shares": 0,
            "cpus": null,
            "destroy_grace_seconds": null,
            "device_cgroup_rules": null,
            "device_read_bps": [],
            "device_read_iops": [],
            "device_requests": [],
            "device_write_bps": [],
            "device_write_iops": [],
            "devices": [],
            "dns": null,
            "dns_opts": null,
            "dns_search": null,
            "domainname": "",
            "entrypoint": [],
            "env": [],
            "exit_code": null,
            "gpus": null,
            "group_add": null,
            "healthcheck": null,
            "host": [],
            "hostname": "9b5640514919",
            "id": "9b5640514919381aef8fb0d37a556937921a85505a3ec6d92a9cfd6235afc928",
            "image": "sha256:0172e3b586fc316491b5ac080e6b24c5f66cde985c27c625025f13f66a8cd21f",
            "init": false,
            "ipc_mode": "private",
            "labels": [],
            "log_driver": "json-file",
            "log_opts": null,
            "logs": false,
            "max_retry_count": 0,
            "memory": 0,
            "memory_reservation": 0,
            "memory_swap": 0,
            "mounts": [],
            "must_run": true,
            "name": "3x-ui",
            "network_data": [
              {
                "gateway": "172.18.0.1",
                "global_ipv6_address": "",
                "global_ipv6_prefix_length": 0,
                "ip_address": "172.18.0.4",
                "ip_prefix_length": 16,
                "ipv6_gateway": "",
                "mac_address": "2e:4c:be:d9:82:fd",
                "network_name": "molecule"
              }
            ],
            "network_mode": "bridge",
            "networks_advanced": [
              {
                "aliases": [],
                "driver_opts": [],
                "gw_priority": null,
                "ipv4_address": "",
                "ipv6_address": "",
                "link_local_ips": [],
                "mac_address": "",
                "name": "a41baf165ab451a5173d9022fe3a26807d23991585130a0fe81f71f3e0f52952"
              }
            ],
            "pid_mode": null,
            "platform": "linux",
            "ports": [
              {
                "external": 32803,
                "internal": 2552,
                "ip": "0.0.0.0",
                "protocol": "tcp"
              }
            ],
            "privileged": true,
            "publish_all_ports": false,
            "read_only": false,
            "remove_volumes": true,
            "restart": "no",
            "rm": false,
            "runtime": "runc",
            "security_opts": [
              "label=disable"
            ],
            "shm_size": 64,
            "start": true,
            "stdin_open": false,
            "stop_signal": "",
            "stop_timeout": 0,
            "storage_opts": null,
            "sysctls": null,
            "timeouts": null,
            "tmpfs": null,
            "tty": false,
            "ulimit": [],
            "upload": [],
            "user": "",
            "userns_mode": "",
            "volumes": [
              {
                "container_path": "/sys/fs/cgroup",
                "from_container": "",
                "host_path": "/sys/fs/cgroup",
                "read_only": false,
                "selinux_relabel": "",
                "volume_name": ""
              },
              {
                "container_path": "/var/run/docker.sock",
                "from_container": "",
                "host_path": "/var/run/docker.sock",
                "read_only": null,
                "selinux_relabel": "",
                "volume_name": ""
              }
            ],
            "wait": false,
            "wait_timeout": 60,
            "working_dir": ""
          },
          "sensitive_attributes": [],
          "identity_schema_version": 0,
          "private": "eyJlMmJmYjczMC1lY2FhLTExZTYtOGY4OC0zNDM2M2JjN2M0YzAiOnsiY3JlYXRlIjoxMjAwMDAwMDAwMDAwLCJkZWxldGUiOjEyMDAwMDAwMDAwMDAsInVwZGF0ZSI6MTIwMDAwMDAwMDAwMH0sInNjaGVtYV92ZXJzaW9uIjoiMiJ9",
          "dependencies": [
            "docker_network.molecule_network",
            "module.panel.docker_image.ubuntu_ansible"
          ]
        }
      ]
    },
    {
      "module": "module.panel[0]",
      "mode": "managed",
      "type": "docker_image",
      "name": "ubuntu_ansible",
      "provider": "provider[\"registry.terraform.io/kreuzwerker/docker\"]",
      "instances": [
        {
          "schema_version": 0,
          "attributes": {
            "build": [],
            "force_remove": true,
            "id": "sha256:0172e3b586fc316491b5ac080e6b24c5f66cde985c27c625025f13f66a8cd21fgeerlingguy/docker-ubuntu2204-ansible:latest",
            "image_id": "sha256:0172e3b586fc316491b5ac080e6b24c5f66cde985c27c625025f13f66a8cd21f",
            "keep_locally": null,
            "name": "geerlingguy/docker-ubuntu2204-ansible:latest",
            "platform": null,
            "pull_triggers": null,
            "repo_digest": "geerlingguy/docker-ubuntu2204-ansible@sha256:0172e3b586fc316491b5ac080e6b24c5f66cde985c27c625025f13f66a8cd21f",
            "timeouts": null,
            "triggers": null
          },
          "sensitive_attributes": [],
          "identity_schema_version": 0,
          "private": "eyJlMmJmYjczMC1lY2FhLTExZTYtOGY4OC0zNDM2M2JjN2M0YzAiOnsiY3JlYXRlIjoxMjAwMDAwMDAwMDAwLCJkZWxldGUiOjEyMDAwMDAwMDAwMDAsInVwZGF0ZSI6MTIwMDAwMDAwMDAwMH19"
        }
      ]
    },
    {
      "module": "module.panel[0]",
      "mode": "managed",
      "type": "local_file",
      "name": "ansible_inventory",
      "provider": "provider[\"registry.terraform.io/hashicorp/local\"]",
      "instances": [
        {
          "schema_version": 0,
          "attributes": {
            "content": "\"all\":\n  \"children\":\n    \"3x-ui\":\n      \"hosts\":\n        \"3x-ui\":\n          \"ansible_host\": \"127.0.0.1\"\n          \"ansible_port\": 32803\n",
            "content_base64": null,
            "content_base64sha256": "mSwyCaoARTyVI8Qi/rJ1xHn6WFfXcln+0IJ1X7lcN0k=",
            "content_base64sha512": "BTGb9shZPPcagOtPncPp9T3TOesdG9nWwOaP7HfG9cBjuF8UP7nzc/bn+zBO+2jA74nMb+yT8x63gZYF9UkkJg==",
            "content_md5": "e6ff59674ed7ad34647d838a0cef1502",
            "content_sha1": "f02b684f0969f41923974472f7a2d0e7227cd9c3",
            "content_sha256": "992c3209aa00453c9523c422feb275c479fa5857d77259fed082755fb95c3749",
            "content_sha512": "05319bf6c8593cf71a80eb4f9dc3e9f53dd339eb1d1bd9d6c0e68fec77c6f5c063b85f143fb9f373f6e7fb304efb68c0ef89cc6fec93f31eb7819605f5492426",
            "directory_permission": "0777",
            "file_permission": "0777",
            "filename": "modules/panel/../../ansible/inventory/terraform_hosts.yml",
            "id": "f02b684f0969f41923974472f7a2d0e7227cd9c3",
            "sensitive_content": null,
            "source": null
          },
          "sensitive_attributes": [
            [
              {
                "type": "get_attr",
                "value": "sensitive_content"
              }
            ]
          ],
          "identity_schema_version": 0,
          "dependencies": [
            "docker_network.molecule_network",
            "module.panel.docker_container.vps_test_container",
            "module.panel.docker_image.ubuntu_ansible"
          ]
        }
      ]
    },
    {
      "module": "module.spring-backend[0]",
      "mode": "managed",
      "type": "docker_container",
      "name": "vps_test_container",
      "provider": "provider[\"registry.terraform.io/kreuzwerker/docker\"]",
      "instances": [
        {
          "schema_version": 2,
          "attributes": {
            "attach": false,
            "bridge": "",
            "capabilities": [],
            "cgroup_parent": null,
            "cgroupns_mode": "host",
            "command": [
              "/lib/systemd/systemd"
            ],
            "container_logs": null,
            "container_read_refresh_timeout_milliseconds": 15000,
            "cpu_period": null,
            "cpu_quota": null,
            "cpu_set": "",
            "cpu_shares": 0,
            "cpus": null,
            "destroy_grace_seconds": null,
            "device_cgroup_rules": null,
            "device_read_bps": [],
            "device_read_iops": [],
            "device_requests": [],
            "device_write_bps": [],
            "device_write_iops": [],
            "devices": [],
            "dns": null,
            "dns_opts": null,
            "dns_search": null,
            "domainname": "",
            "entrypoint": [],
            "env": [],
            "exit_code": null,
            "gpus": null,
            "group_add": null,
            "healthcheck": null,
            "host": [],
            "hostname": "74ea463bab70",
            "id": "74ea463bab70664c88ce26ba899723ab5d9963460a3e5bd7567ad6f22cb46204",
            "image": "sha256:0172e3b586fc316491b5ac080e6b24c5f66cde985c27c625025f13f66a8cd21f",
            "init": false,
            "ipc_mode": "private",
            "labels": [],
            "log_driver": "json-file",
            "log_opts": null,
            "logs": false,
            "max_retry_count": 0,
            "memory": 0,
            "memory_reservation": 0,
            "memory_swap": 0,
            "mounts": [],
            "must_run": true,
            "name": "spring-backend",
            "network_data": [
              {
                "gateway": "172.18.0.1",
                "global_ipv6_address": "",
                "global_ipv6_prefix_length": 0,
                "ip_address": "172.18.0.2",
                "ip_prefix_length": 16,
                "ipv6_gateway": "",
                "mac_address": "2e:65:f9:84:b1:7a",
                "network_name": "molecule"
              }
            ],
            "network_mode": "bridge",
            "networks_advanced": [
              {
                "aliases": [],
                "driver_opts": [],
                "gw_priority": null,
                "ipv4_address": "",
                "ipv6_address": "",
                "link_local_ips": [],
                "mac_address": "",
                "name": "a41baf165ab451a5173d9022fe3a26807d23991585130a0fe81f71f3e0f52952"
              }
            ],
            "pid_mode": null,
            "platform": "linux",
            "ports": [
              {
                "external": 32801,
                "internal": 8080,
                "ip": "0.0.0.0",
                "protocol": "tcp"
              }
            ],
            "privileged": true,
            "publish_all_ports": false,
            "read_only": false,
            "remove_volumes": true,
            "restart": "no",
            "rm": false,
            "runtime": "runc",
            "security_opts": [
              "label=disable"
            ],
            "shm_size": 64,
            "start": true,
            "stdin_open": false,
            "stop_signal": "",
            "stop_timeout": 0,
            "storage_opts": null,
            "sysctls": null,
            "timeouts": null,
            "tmpfs": null,
            "tty": false,
            "ulimit": [],
            "upload": [],
            "user": "",
            "userns_mode": "",
            "volumes": [
              {
                "container_path": "/opt/travelervpn",
                "from_container": "",
                "host_path": "/opt/travelervpn",
                "read_only": null,
                "selinux_relabel": "",
                "volume_name": ""
              },
              {
                "container_path": "/sys/fs/cgroup",
                "from_container": "",
                "host_path": "/sys/fs/cgroup",
                "read_only": false,
                "selinux_relabel": "",
                "volume_name": ""
              },
              {
                "container_path": "/var/run/docker.sock",
                "from_container": "",
                "host_path": "/var/run/docker.sock",
                "read_only": null,
                "selinux_relabel": "",
                "volume_name": ""
              }
            ],
            "wait": false,
            "wait_timeout": 60,
            "working_dir": ""
          },
          "sensitive_attributes": [],
          "identity_schema_version": 0,
          "private": "eyJlMmJmYjczMC1lY2FhLTExZTYtOGY4OC0zNDM2M2JjN2M0YzAiOnsiY3JlYXRlIjoxMjAwMDAwMDAwMDAwLCJkZWxldGUiOjEyMDAwMDAwMDAwMDAsInVwZGF0ZSI6MTIwMDAwMDAwMDAwMH0sInNjaGVtYV92ZXJzaW9uIjoiMiJ9",
          "dependencies": [
            "docker_network.molecule_network",
            "module.spring-backend.docker_image.ubuntu_ansible"
          ]
        }
      ]
    },
    {
      "module": "module.spring-backend[0]",
      "mode": "managed",
      "type": "docker_image",
      "name": "ubuntu_ansible",
      "provider": "provider[\"registry.terraform.io/kreuzwerker/docker\"]",
      "instances": [
        {
          "schema_version": 0,
          "attributes": {
            "build": [],
            "force_remove": true,
            "id": "sha256:0172e3b586fc316491b5ac080e6b24c5f66cde985c27c625025f13f66a8cd21fgeerlingguy/docker-ubuntu2204-ansible:latest",
            "image_id": "sha256:0172e3b586fc316491b5ac080e6b24c5f66cde985c27c625025f13f66a8cd21f",
            "keep_locally": null,
            "name": "geerlingguy/docker-ubuntu2204-ansible:latest",
            "platform": null,
            "pull_triggers": null,
            "repo_digest": "geerlingguy/docker-ubuntu2204-ansible@sha256:0172e3b586fc316491b5ac080e6b24c5f66cde985c27c625025f13f66a8cd21f",
            "timeouts": null,
            "triggers": null
          },
          "sensitive_attributes": [],
          "identity_schema_version": 0,
          "private": "eyJlMmJmYjczMC1lY2FhLTExZTYtOGY4OC0zNDM2M2JjN2M0YzAiOnsiY3JlYXRlIjoxMjAwMDAwMDAwMDAwLCJkZWxldGUiOjEyMDAwMDAwMDAwMDAsInVwZGF0ZSI6MTIwMDAwMDAwMDAwMH19"
        }
      ]
    },
    {
      "module": "module.spring-backend[0]",
      "mode": "managed",
      "type": "local_file",
      "name": "ansible_inventory",
      "provider": "provider[\"registry.terraform.io/hashicorp/local\"]",
      "instances": [
        {
          "schema_version": 0,
          "attributes": {
            "content": "\"all\":\n  \"children\":\n    \"spring-backend\":\n      \"hosts\":\n        \"spring-backend\":\n          \"ansible_host\": \"127.0.0.1\"\n          \"ansible_port\": 32801\n",
            "content_base64": null,
            "content_base64sha256": "HckYUNeg25PhVKXsajdKFjj7R2N/ethp5+YH2A0eCqg=",
            "content_base64sha512": "bkUrRn6sjUMnoTZJUY7bp8X/STlq40t01jSmtfW4W82a/dcbgeNqKqoaDMptrGdluxix/io+f70qI0RSdYdMhA==",
            "content_md5": "cdfc9299e957cbcf264a78469171fd59",
            "content_sha1": "8a130ac4a84f9384d30e0c04e9c45db0595bd609",
            "content_sha256": "1dc91850d7a0db93e154a5ec6a374a1638fb47637f7ad869e7e607d80d1e0aa8",
            "content_sha512": "6e452b467eac8d4327a13649518edba7c5ff49396ae34b74d634a6b5f5b85bcd9afdd71b81e36a2aaa1a0cca6dac6765bb18b1fe2a3e7fbd2a23445275874c84",
            "directory_permission": "0777",
            "file_permission": "0777",
            "filename": "modules/spring-backend/../../ansible/inventory/terraform_hosts.yml",
            "id": "8a130ac4a84f9384d30e0c04e9c45db0595bd609",
            "sensitive_content": null,
            "source": null
          },
          "sensitive_attributes": [
            [
              {
                "type": "get_attr",
                "value": "sensitive_content"
              }
            ]
          ],
          "identity_schema_version": 0,
          "dependencies": [
            "docker_network.molecule_network",
            "module.spring-backend.docker_container.vps_test_container",
            "module.spring-backend.docker_image.ubuntu_ansible"
          ]
        }
      ]
    }
  ],
  "check_results": null
}
