{
  "version": 4,
  "terraform_version": "1.15.8",
  "serial": 294,
  "lineage": "4f744d9b-33ca-1d3b-d42f-eff46b74ac79",
  "outputs": {},
  "resources": [
    {
      "module": "module.panel[0]",
      "mode": "managed",
      "type": "docker_image",
      "name": "ubuntu_ansible",
      "provider": "provider[\"registry.terraform.io/kreuzwerker/docker\"]",
      "instances": [
        {
          "schema_version": 0,
          "attributes": {
            "build": [],
            "force_remove": true,
            "id": "sha256:0172e3b586fc316491b5ac080e6b24c5f66cde985c27c625025f13f66a8cd21fgeerlingguy/docker-ubuntu2204-ansible:latest",
            "image_id": "sha256:0172e3b586fc316491b5ac080e6b24c5f66cde985c27c625025f13f66a8cd21f",
            "keep_locally": null,
            "name": "geerlingguy/docker-ubuntu2204-ansible:latest",
            "platform": null,
            "pull_triggers": null,
            "repo_digest": "geerlingguy/docker-ubuntu2204-ansible@sha256:0172e3b586fc316491b5ac080e6b24c5f66cde985c27c625025f13f66a8cd21f",
            "timeouts": null,
            "triggers": null
          },
          "sensitive_attributes": [],
          "identity_schema_version": 0,
          "private": "eyJlMmJmYjczMC1lY2FhLTExZTYtOGY4OC0zNDM2M2JjN2M0YzAiOnsiY3JlYXRlIjoxMjAwMDAwMDAwMDAwLCJkZWxldGUiOjEyMDAwMDAwMDAwMDAsInVwZGF0ZSI6MTIwMDAwMDAwMDAwMH19"
        }
      ]
    },
    {
      "module": "module.spring-backend[0]",
      "mode": "managed",
      "type": "docker_image",
      "name": "ubuntu_ansible",
      "provider": "provider[\"registry.terraform.io/kreuzwerker/docker\"]",
      "instances": [
        {
          "schema_version": 0,
          "attributes": {
            "build": [],
            "force_remove": true,
            "id": "sha256:0172e3b586fc316491b5ac080e6b24c5f66cde985c27c625025f13f66a8cd21fgeerlingguy/docker-ubuntu2204-ansible:latest",
            "image_id": "sha256:0172e3b586fc316491b5ac080e6b24c5f66cde985c27c625025f13f66a8cd21f",
            "keep_locally": null,
            "name": "geerlingguy/docker-ubuntu2204-ansible:latest",
            "platform": null,
            "pull_triggers": null,
            "repo_digest": "geerlingguy/docker-ubuntu2204-ansible@sha256:0172e3b586fc316491b5ac080e6b24c5f66cde985c27c625025f13f66a8cd21f",
            "timeouts": null,
            "triggers": null
          },
          "sensitive_attributes": [],
          "identity_schema_version": 0,
          "private": "eyJlMmJmYjczMC1lY2FhLTExZTYtOGY4OC0zNDM2M2JjN2M0YzAiOnsiY3JlYXRlIjoxMjAwMDAwMDAwMDAwLCJkZWxldGUiOjEyMDAwMDAwMDAwMDAsInVwZGF0ZSI6MTIwMDAwMDAwMDAwMH19"
        }
      ]
    }
  ],
  "check_results": null
}
