{
  "version": 4,
  "terraform_version": "1.15.8",
  "serial": 2049,
  "lineage": "4f744d9b-33ca-1d3b-d42f-eff46b74ac79",
  "outputs": {
    "instances": {
      "value": {
        "3x-node-0": {
          "ansible_connection": "docker",
          "ansible_host": "3x-node-0",
          "inbound_port": 8433,
          "name": "3x-node-0"
        },
        "3x-ui-0": {
          "ansible_connection": "docker",
          "ansible_host": "3x-ui-0",
          "name": "3x-ui-0"
        },
        "spring-backend-0": {
          "ansible_connection": "docker",
          "ansible_host": "spring-backend-0",
          "name": "spring-backend-0"
        }
      },
      "type": [
        "object",
        {
          "3x-node-0": [
            "object",
            {
              "ansible_connection": "string",
              "ansible_host": "string",
              "inbound_port": "number",
              "name": "string"
            }
          ],
          "3x-ui-0": [
            "object",
            {
              "ansible_connection": "string",
              "ansible_host": "string",
              "name": "string"
            }
          ],
          "spring-backend-0": [
            "object",
            {
              "ansible_connection": "string",
              "ansible_host": "string",
              "name": "string"
            }
          ]
        }
      ]
    }
  },
  "resources": [
    {
      "mode": "managed",
      "type": "docker_network",
      "name": "molecule_network",
      "provider": "provider[\"registry.terraform.io/kreuzwerker/docker\"]",
      "instances": [
        {
          "schema_version": 1,
          "attributes": {
            "attachable": false,
            "driver": "bridge",
            "id": "155e947646d1b1f41813f173eca76e432faf88c85accb0be15564b195c37ef11",
            "ingress": false,
            "internal": false,
            "ipam_config": [
              {
                "aux_address": {},
                "gateway": "172.19.0.1",
                "ip_range": "",
                "subnet": "172.19.0.0/16"
              }
            ],
            "ipam_driver": "default",
            "ipam_options": null,
            "ipv6": false,
            "labels": [],
            "name": "molecule",
            "options": {},
            "scope": "local"
          },
          "sensitive_attributes": [],
          "identity_schema_version": 0,
          "private": "eyJzY2hlbWFfdmVyc2lvbiI6IjEifQ=="
        }
      ]
    },
    {
      "mode": "managed",
      "type": "local_file",
      "name": "ansible_inventory",
      "provider": "provider[\"registry.terraform.io/hashicorp/local\"]",
      "instances": [
        {
          "schema_version": 0,
          "attributes": {
            "content": "\"all\":\n  \"children\":\n    \"nodes\":\n      \"hosts\":\n        \"3x-node-0\":\n          \"ansible_connection\": \"docker\"\n          \"ansible_host\": \"3x-node-0\"\n          \"inbound_port\": 8433\n    \"panels\":\n      \"hosts\":\n        \"3x-ui-0\":\n          \"ansible_connection\": \"docker\"\n          \"ansible_host\": \"3x-ui-0\"\n    \"spring_backends\":\n      \"hosts\":\n        \"spring-backend-0\":\n          \"ansible_connection\": \"docker\"\n          \"ansible_host\": \"spring-backend-0\"\n",
            "content_base64": null,
            "content_base64sha256": "PXUuViuT96QbZarLWDCiHbi43SlBs5TZeQI4JcRU/s4=",
            "content_base64sha512": "XKhq9amYiyhpUcG1mrC4j7zTnc/SQmAIsG2VA6g3Haf37J0JAtxB3Kg7UEG24Vi9zIaQOZEstTmfiybX9t41cw==",
            "content_md5": "47f6007b503b7c6c4d4a7ee9d1433f25",
            "content_sha1": "842343d68ee3f015a3fb3dac0dd8c67c26a3daaf",
            "content_sha256": "3d752e562b93f7a41b65aacb5830a21db8b8dd2941b394d979023825c454fece",
            "content_sha512": "5ca86af5a9988b286951c1b59ab0b88fbcd39dcfd2426008b06d9503a8371da7f7ec9d0902dc41dca83b5041b6e158bdcc869039912cb5399f8b26d7f6de3573",
            "directory_permission": "0777",
            "file_permission": "0777",
            "filename": "./../ansible/inventories/terraform_hosts.yml",
            "id": "842343d68ee3f015a3fb3dac0dd8c67c26a3daaf",
            "sensitive_content": null,
            "source": null
          },
          "sensitive_attributes": [
            [
              {
                "type": "get_attr",
                "value": "sensitive_content"
              }
            ]
          ],
          "identity_schema_version": 0,
          "dependencies": [
            "docker_network.molecule_network",
            "module.nodes.docker_container.vps_test_container",
            "module.nodes.docker_image.ubuntu_ansible",
            "module.panel.docker_container.vps_test_container",
            "module.panel.docker_image.ubuntu_ansible",
            "module.spring_backend.docker_container.vps_test_container",
            "module.spring_backend.docker_image.ubuntu_ansible"
          ]
        }
      ]
    },
    {
      "module": "module.nodes[0]",
      "mode": "managed",
      "type": "docker_container",
      "name": "vps_test_container",
      "provider": "provider[\"registry.terraform.io/kreuzwerker/docker\"]",
      "instances": [
        {
          "schema_version": 2,
          "attributes": {
            "attach": false,
            "bridge": "",
            "capabilities": [],
            "cgroup_parent": null,
            "cgroupns_mode": "host",
            "command": [
              "/lib/systemd/systemd"
            ],
            "container_logs": null,
            "container_read_refresh_timeout_milliseconds": 15000,
            "cpu_period": null,
            "cpu_quota": null,
            "cpu_set": "",
            "cpu_shares": 0,
            "cpus": null,
            "destroy_grace_seconds": null,
            "device_cgroup_rules": null,
            "device_read_bps": [],
            "device_read_iops": [],
            "device_requests": [],
            "device_write_bps": [],
            "device_write_iops": [],
            "devices": [],
            "dns": null,
            "dns_opts": null,
            "dns_search": null,
            "domainname": "",
            "entrypoint": [],
            "env": [],
            "exit_code": null,
            "gpus": null,
            "group_add": null,
            "healthcheck": null,
            "host": [],
            "hostname": "a8481c4061ee",
            "id": "a8481c4061eeaab34e859c62c61860561c04d42ddb2588cd05e164672a13da52",
            "image": "sha256:0172e3b586fc316491b5ac080e6b24c5f66cde985c27c625025f13f66a8cd21f",
            "init": false,
            "ipc_mode": "private",
            "labels": [],
            "log_driver": "json-file",
            "log_opts": null,
            "logs": false,
            "max_retry_count": 0,
            "memory": 0,
            "memory_reservation": 0,
            "memory_swap": 0,
            "mounts": [],
            "must_run": true,
            "name": "3x-node-0",
            "network_data": [
              {
                "gateway": "172.19.0.1",
                "global_ipv6_address": "",
                "global_ipv6_prefix_length": 0,
                "ip_address": "172.19.0.3",
                "ip_prefix_length": 16,
                "ipv6_gateway": "",
                "mac_address": "22:02:1e:3a:f0:00",
                "network_name": "molecule"
              }
            ],
            "network_mode": "bridge",
            "networks_advanced": [
              {
                "aliases": [],
                "driver_opts": [],
                "gw_priority": null,
                "ipv4_address": "",
                "ipv6_address": "",
                "link_local_ips": [],
                "mac_address": "",
                "name": "155e947646d1b1f41813f173eca76e432faf88c85accb0be15564b195c37ef11"
              }
            ],
            "pid_mode": null,
            "platform": "linux",
            "ports": [],
            "privileged": true,
            "publish_all_ports": false,
            "read_only": false,
            "remove_volumes": true,
            "restart": "no",
            "rm": false,
            "runtime": "runc",
            "security_opts": [
              "label=disable"
            ],
            "shm_size": 64,
            "start": true,
            "stdin_open": false,
            "stop_signal": "",
            "stop_timeout": 0,
            "storage_opts": null,
            "sysctls": null,
            "timeouts": null,
            "tmpfs": null,
            "tty": false,
            "ulimit": [],
            "upload": [],
            "user": "",
            "userns_mode": "",
            "volumes": [
              {
                "container_path": "/sys/fs/cgroup",
                "from_container": "",
                "host_path": "/sys/fs/cgroup",
                "read_only": false,
                "selinux_relabel": "",
                "volume_name": ""
              },
              {
                "container_path": "/var/run/docker.sock",
                "from_container": "",
                "host_path": "/var/run/docker.sock",
                "read_only": null,
                "selinux_relabel": "",
                "volume_name": ""
              }
            ],
            "wait": false,
            "wait_timeout": 60,
            "working_dir": ""
          },
          "sensitive_attributes": [],
          "identity_schema_version": 0,
          "private": "eyJlMmJmYjczMC1lY2FhLTExZTYtOGY4OC0zNDM2M2JjN2M0YzAiOnsiY3JlYXRlIjoxMjAwMDAwMDAwMDAwLCJkZWxldGUiOjEyMDAwMDAwMDAwMDAsInVwZGF0ZSI6MTIwMDAwMDAwMDAwMH0sInNjaGVtYV92ZXJzaW9uIjoiMiJ9",
          "dependencies": [
            "docker_network.molecule_network",
            "module.nodes.docker_image.ubuntu_ansible"
          ]
        }
      ]
    },
    {
      "module": "module.nodes[0]",
      "mode": "managed",
      "type": "docker_image",
      "name": "ubuntu_ansible",
      "provider": "provider[\"registry.terraform.io/kreuzwerker/docker\"]",
      "instances": [
        {
          "schema_version": 0,
          "attributes": {
            "build": [],
            "force_remove": true,
            "id": "sha256:0172e3b586fc316491b5ac080e6b24c5f66cde985c27c625025f13f66a8cd21fgeerlingguy/docker-ubuntu2204-ansible:latest",
            "image_id": "sha256:0172e3b586fc316491b5ac080e6b24c5f66cde985c27c625025f13f66a8cd21f",
            "keep_locally": null,
            "name": "geerlingguy/docker-ubuntu2204-ansible:latest",
            "platform": null,
            "pull_triggers": null,
            "repo_digest": "geerlingguy/docker-ubuntu2204-ansible@sha256:0172e3b586fc316491b5ac080e6b24c5f66cde985c27c625025f13f66a8cd21f",
            "timeouts": null,
            "triggers": null
          },
          "sensitive_attributes": [],
          "identity_schema_version": 0,
          "private": "eyJlMmJmYjczMC1lY2FhLTExZTYtOGY4OC0zNDM2M2JjN2M0YzAiOnsiY3JlYXRlIjoxMjAwMDAwMDAwMDAwLCJkZWxldGUiOjEyMDAwMDAwMDAwMDAsInVwZGF0ZSI6MTIwMDAwMDAwMDAwMH19"
        }
      ]
    },
    {
      "module": "module.panel[0]",
      "mode": "managed",
      "type": "docker_container",
      "name": "vps_test_container",
      "provider": "provider[\"registry.terraform.io/kreuzwerker/docker\"]",
      "instances": [
        {
          "schema_version": 2,
          "attributes": {
            "attach": false,
            "bridge": "",
            "capabilities": [],
            "cgroup_parent": null,
            "cgroupns_mode": "host",
            "command": [
              "/lib/systemd/systemd"
            ],
            "container_logs": null,
            "container_read_refresh_timeout_milliseconds": 15000,
            "cpu_period": null,
            "cpu_quota": null,
            "cpu_set": "",
            "cpu_shares": 0,
            "cpus": null,
            "destroy_grace_seconds": null,
            "device_cgroup_rules": null,
            "device_read_bps": [],
            "device_read_iops": [],
            "device_requests": [],
            "device_write_bps": [],
            "device_write_iops": [],
            "devices": [],
            "dns": null,
            "dns_opts": null,
            "dns_search": null,
            "domainname": "",
            "entrypoint": [],
            "env": [],
            "exit_code": null,
            "gpus": null,
            "group_add": null,
            "healthcheck": null,
            "host": [],
            "hostname": "1a5cc93db357",
            "id": "1a5cc93db357fb046cd313c0e64de76cdb701d49dd33672062902d98842a762c",
            "image": "sha256:0172e3b586fc316491b5ac080e6b24c5f66cde985c27c625025f13f66a8cd21f",
            "init": false,
            "ipc_mode": "private",
            "labels": [],
            "log_driver": "json-file",
            "log_opts": null,
            "logs": false,
            "max_retry_count": 0,
            "memory": 0,
            "memory_reservation": 0,
            "memory_swap": 0,
            "mounts": [],
            "must_run": true,
            "name": "3x-ui-0",
            "network_data": [
              {
                "gateway": "172.19.0.1",
                "global_ipv6_address": "",
                "global_ipv6_prefix_length": 0,
                "ip_address": "172.19.0.2",
                "ip_prefix_length": 16,
                "ipv6_gateway": "",
                "mac_address": "22:21:8b:51:98:aa",
                "network_name": "molecule"
              }
            ],
            "network_mode": "bridge",
            "networks_advanced": [
              {
                "aliases": [],
                "driver_opts": [],
                "gw_priority": null,
                "ipv4_address": "",
                "ipv6_address": "",
                "link_local_ips": [],
                "mac_address": "",
                "name": "155e947646d1b1f41813f173eca76e432faf88c85accb0be15564b195c37ef11"
              }
            ],
            "pid_mode": null,
            "platform": "linux",
            "ports": [
              {
                "external": 32795,
                "internal": 2552,
                "ip": "0.0.0.0",
                "protocol": "tcp"
              }
            ],
            "privileged": true,
            "publish_all_ports": false,
            "read_only": false,
            "remove_volumes": true,
            "restart": "no",
            "rm": false,
            "runtime": "runc",
            "security_opts": [
              "label=disable"
            ],
            "shm_size": 64,
            "start": true,
            "stdin_open": false,
            "stop_signal": "",
            "stop_timeout": 0,
            "storage_opts": null,
            "sysctls": null,
            "timeouts": null,
            "tmpfs": null,
            "tty": false,
            "ulimit": [],
            "upload": [],
            "user": "",
            "userns_mode": "",
            "volumes": [
              {
                "container_path": "/sys/fs/cgroup",
                "from_container": "",
                "host_path": "/sys/fs/cgroup",
                "read_only": false,
                "selinux_relabel": "",
                "volume_name": ""
              },
              {
                "container_path": "/var/run/docker.sock",
                "from_container": "",
                "host_path": "/var/run/docker.sock",
                "read_only": null,
                "selinux_relabel": "",
                "volume_name": ""
              }
            ],
            "wait": false,
            "wait_timeout": 60,
            "working_dir": ""
          },
          "sensitive_attributes": [],
          "identity_schema_version": 0,
          "private": "eyJlMmJmYjczMC1lY2FhLTExZTYtOGY4OC0zNDM2M2JjN2M0YzAiOnsiY3JlYXRlIjoxMjAwMDAwMDAwMDAwLCJkZWxldGUiOjEyMDAwMDAwMDAwMDAsInVwZGF0ZSI6MTIwMDAwMDAwMDAwMH0sInNjaGVtYV92ZXJzaW9uIjoiMiJ9",
          "dependencies": [
            "docker_network.molecule_network",
            "module.panel.docker_image.ubuntu_ansible"
          ]
        }
      ]
    },
    {
      "module": "module.panel[0]",
      "mode": "managed",
      "type": "docker_image",
      "name": "ubuntu_ansible",
      "provider": "provider[\"registry.terraform.io/kreuzwerker/docker\"]",
      "instances": [
        {
          "schema_version": 0,
          "attributes": {
            "build": [],
            "force_remove": true,
            "id": "sha256:0172e3b586fc316491b5ac080e6b24c5f66cde985c27c625025f13f66a8cd21fgeerlingguy/docker-ubuntu2204-ansible:latest",
            "image_id": "sha256:0172e3b586fc316491b5ac080e6b24c5f66cde985c27c625025f13f66a8cd21f",
            "keep_locally": null,
            "name": "geerlingguy/docker-ubuntu2204-ansible:latest",
            "platform": null,
            "pull_triggers": null,
            "repo_digest": "geerlingguy/docker-ubuntu2204-ansible@sha256:0172e3b586fc316491b5ac080e6b24c5f66cde985c27c625025f13f66a8cd21f",
            "timeouts": null,
            "triggers": null
          },
          "sensitive_attributes": [],
          "identity_schema_version": 0,
          "private": "eyJlMmJmYjczMC1lY2FhLTExZTYtOGY4OC0zNDM2M2JjN2M0YzAiOnsiY3JlYXRlIjoxMjAwMDAwMDAwMDAwLCJkZWxldGUiOjEyMDAwMDAwMDAwMDAsInVwZGF0ZSI6MTIwMDAwMDAwMDAwMH19"
        }
      ]
    },
    {
      "module": "module.spring_backend[0]",
      "mode": "managed",
      "type": "docker_container",
      "name": "vps_test_container",
      "provider": "provider[\"registry.terraform.io/kreuzwerker/docker\"]",
      "instances": [
        {
          "schema_version": 2,
          "attributes": {
            "attach": false,
            "bridge": "",
            "capabilities": [],
            "cgroup_parent": null,
            "cgroupns_mode": "host",
            "command": [
              "/lib/systemd/systemd"
            ],
            "container_logs": null,
            "container_read_refresh_timeout_milliseconds": 15000,
            "cpu_period": null,
            "cpu_quota": null,
            "cpu_set": "",
            "cpu_shares": 0,
            "cpus": null,
            "destroy_grace_seconds": null,
            "device_cgroup_rules": null,
            "device_read_bps": [],
            "device_read_iops": [],
            "device_requests": [],
            "device_write_bps": [],
            "device_write_iops": [],
            "devices": [],
            "dns": null,
            "dns_opts": null,
            "dns_search": null,
            "domainname": "",
            "entrypoint": [],
            "env": [],
            "exit_code": null,
            "gpus": null,
            "group_add": null,
            "healthcheck": null,
            "host": [],
            "hostname": "e01af5baf5ad",
            "id": "e01af5baf5ad1512cbbb8d0181cedd0c7ac3159580c9fec2d45583c18966d7b1",
            "image": "sha256:0172e3b586fc316491b5ac080e6b24c5f66cde985c27c625025f13f66a8cd21f",
            "init": false,
            "ipc_mode": "private",
            "labels": [],
            "log_driver": "json-file",
            "log_opts": null,
            "logs": false,
            "max_retry_count": 0,
            "memory": 0,
            "memory_reservation": 0,
            "memory_swap": 0,
            "mounts": [],
            "must_run": true,
            "name": "spring-backend-0",
            "network_data": [
              {
                "gateway": "172.19.0.1",
                "global_ipv6_address": "",
                "global_ipv6_prefix_length": 0,
                "ip_address": "172.19.0.4",
                "ip_prefix_length": 16,
                "ipv6_gateway": "",
                "mac_address": "4a:34:98:58:b2:ce",
                "network_name": "molecule"
              }
            ],
            "network_mode": "bridge",
            "networks_advanced": [
              {
                "aliases": [],
                "driver_opts": [],
                "gw_priority": null,
                "ipv4_address": "",
                "ipv6_address": "",
                "link_local_ips": [],
                "mac_address": "",
                "name": "155e947646d1b1f41813f173eca76e432faf88c85accb0be15564b195c37ef11"
              }
            ],
            "pid_mode": null,
            "platform": "linux",
            "ports": [
              {
                "external": 32796,
                "internal": 8080,
                "ip": "0.0.0.0",
                "protocol": "tcp"
              }
            ],
            "privileged": true,
            "publish_all_ports": false,
            "read_only": false,
            "remove_volumes": true,
            "restart": "no",
            "rm": false,
            "runtime": "runc",
            "security_opts": [
              "label=disable"
            ],
            "shm_size": 64,
            "start": true,
            "stdin_open": false,
            "stop_signal": "",
            "stop_timeout": 0,
            "storage_opts": null,
            "sysctls": null,
            "timeouts": null,
            "tmpfs": null,
            "tty": false,
            "ulimit": [],
            "upload": [],
            "user": "",
            "userns_mode": "",
            "volumes": [
              {
                "container_path": "/sys/fs/cgroup",
                "from_container": "",
                "host_path": "/sys/fs/cgroup",
                "read_only": false,
                "selinux_relabel": "",
                "volume_name": ""
              },
              {
                "container_path": "/var/run/docker.sock",
                "from_container": "",
                "host_path": "/var/run/docker.sock",
                "read_only": null,
                "selinux_relabel": "",
                "volume_name": ""
              }
            ],
            "wait": false,
            "wait_timeout": 60,
            "working_dir": ""
          },
          "sensitive_attributes": [],
          "identity_schema_version": 0,
          "private": "eyJlMmJmYjczMC1lY2FhLTExZTYtOGY4OC0zNDM2M2JjN2M0YzAiOnsiY3JlYXRlIjoxMjAwMDAwMDAwMDAwLCJkZWxldGUiOjEyMDAwMDAwMDAwMDAsInVwZGF0ZSI6MTIwMDAwMDAwMDAwMH0sInNjaGVtYV92ZXJzaW9uIjoiMiJ9",
          "dependencies": [
            "docker_network.molecule_network",
            "module.spring_backend.docker_image.ubuntu_ansible"
          ]
        }
      ]
    },
    {
      "module": "module.spring_backend[0]",
      "mode": "managed",
      "type": "docker_image",
      "name": "ubuntu_ansible",
      "provider": "provider[\"registry.terraform.io/kreuzwerker/docker\"]",
      "instances": [
        {
          "schema_version": 0,
          "attributes": {
            "build": [],
            "force_remove": true,
            "id": "sha256:0172e3b586fc316491b5ac080e6b24c5f66cde985c27c625025f13f66a8cd21fgeerlingguy/docker-ubuntu2204-ansible:latest",
            "image_id": "sha256:0172e3b586fc316491b5ac080e6b24c5f66cde985c27c625025f13f66a8cd21f",
            "keep_locally": null,
            "name": "geerlingguy/docker-ubuntu2204-ansible:latest",
            "platform": null,
            "pull_triggers": null,
            "repo_digest": "geerlingguy/docker-ubuntu2204-ansible@sha256:0172e3b586fc316491b5ac080e6b24c5f66cde985c27c625025f13f66a8cd21f",
            "timeouts": null,
            "triggers": null
          },
          "sensitive_attributes": [],
          "identity_schema_version": 0,
          "private": "eyJlMmJmYjczMC1lY2FhLTExZTYtOGY4OC0zNDM2M2JjN2M0YzAiOnsiY3JlYXRlIjoxMjAwMDAwMDAwMDAwLCJkZWxldGUiOjEyMDAwMDAwMDAwMDAsInVwZGF0ZSI6MTIwMDAwMDAwMDAwMH19"
        }
      ]
    }
  ],
  "check_results": null
}
