{
  "version": 4,
  "terraform_version": "1.15.8",
  "serial": 2090,
  "lineage": "4f744d9b-33ca-1d3b-d42f-eff46b74ac79",
  "outputs": {
    "instances": {
      "value": {
        "3x-node-0": {
          "ansible_connection": "docker",
          "ansible_host": "3x-node-0",
          "inbound_port": 443,
          "name": "3x-node-0"
        },
        "3x-ui-0": {
          "ansible_connection": "docker",
          "ansible_host": "3x-ui-0",
          "name": "3x-ui-0",
          "panel_port": 2552
        },
        "spring-backend-0": {
          "ansible_connection": "docker",
          "ansible_host": "spring-backend-0",
          "name": "spring-backend-0"
        }
      },
      "type": [
        "object",
        {
          "3x-node-0": [
            "object",
            {
              "ansible_connection": "string",
              "ansible_host": "string",
              "inbound_port": "number",
              "name": "string"
            }
          ],
          "3x-ui-0": [
            "object",
            {
              "ansible_connection": "string",
              "ansible_host": "string",
              "name": "string",
              "panel_port": "number"
            }
          ],
          "spring-backend-0": [
            "object",
            {
              "ansible_connection": "string",
              "ansible_host": "string",
              "name": "string"
            }
          ]
        }
      ]
    }
  },
  "resources": [
    {
      "mode": "managed",
      "type": "docker_network",
      "name": "molecule_network",
      "provider": "provider[\"registry.terraform.io/kreuzwerker/docker\"]",
      "instances": [
        {
          "schema_version": 1,
          "attributes": {
            "attachable": false,
            "driver": "bridge",
            "id": "e4d69c444d25ef9ad3203a4ee44648224ddcac41072a6416cd20cf6096f6a69d",
            "ingress": false,
            "internal": false,
            "ipam_config": [
              {
                "aux_address": {},
                "gateway": "172.19.0.1",
                "ip_range": "",
                "subnet": "172.19.0.0/16"
              }
            ],
            "ipam_driver": "default",
            "ipam_options": {},
            "ipv6": false,
            "labels": [],
            "name": "molecule",
            "options": {},
            "scope": "local"
          },
          "sensitive_attributes": [],
          "identity_schema_version": 0,
          "private": "eyJzY2hlbWFfdmVyc2lvbiI6IjEifQ=="
        }
      ]
    },
    {
      "mode": "managed",
      "type": "local_file",
      "name": "ansible_inventory",
      "provider": "provider[\"registry.terraform.io/hashicorp/local\"]",
      "instances": [
        {
          "schema_version": 0,
          "attributes": {
            "content": "\"all\":\n  \"children\":\n    \"nodes\":\n      \"hosts\":\n        \"3x-node-0\":\n          \"ansible_connection\": \"docker\"\n          \"ansible_host\": \"3x-node-0\"\n          \"inbound_port\": 443\n    \"panels\":\n      \"hosts\":\n        \"3x-ui-0\":\n          \"ansible_connection\": \"docker\"\n          \"ansible_host\": \"3x-ui-0\"\n          \"panel_port\": 2552\n    \"spring_backends\":\n      \"hosts\":\n        \"spring-backend-0\":\n          \"ansible_connection\": \"docker\"\n          \"ansible_host\": \"spring-backend-0\"\n",
            "content_base64": null,
            "content_base64sha256": "+tueQdo79Rqaxjs0HiiFAqvFmUny7tjBykgzgWJw8I0=",
            "content_base64sha512": "xHOZ2uUV38VS+gB1Ewn1BLJOm1PxXa307uNKt7StG/s3K5bg5p/BhL/+oTKInOB94EBJCPUyEU6iqMs3bL2K3w==",
            "content_md5": "af6f76ec7c42cdb79d73b54ee5d6fb19",
            "content_sha1": "1473aa240649450fb961ee0a256bcc657031046b",
            "content_sha256": "fadb9e41da3bf51a9ac63b341e288502abc59949f2eed8c1ca4833816270f08d",
            "content_sha512": "c47399dae515dfc552fa00751309f504b24e9b53f15dadf4eee34ab7b4ad1bfb372b96e0e69fc184bffea132889ce07de0404908f532114ea2a8cb376cbd8adf",
            "directory_permission": "0777",
            "file_permission": "0777",
            "filename": "./../ansible/inventories/terraform_hosts.yml",
            "id": "1473aa240649450fb961ee0a256bcc657031046b",
            "sensitive_content": null,
            "source": null
          },
          "sensitive_attributes": [
            [
              {
                "type": "get_attr",
                "value": "sensitive_content"
              }
            ]
          ],
          "identity_schema_version": 0,
          "dependencies": [
            "docker_network.molecule_network",
            "module.nodes.docker_container.vps_test_container",
            "module.nodes.docker_image.ubuntu_ansible",
            "module.panel.docker_container.vps_test_container",
            "module.panel.docker_image.ubuntu_ansible",
            "module.spring_backend.docker_container.vps_test_container",
            "module.spring_backend.docker_image.ubuntu_ansible"
          ]
        }
      ]
    },
    {
      "module": "module.nodes[0]",
      "mode": "managed",
      "type": "docker_container",
      "name": "vps_test_container",
      "provider": "provider[\"registry.terraform.io/kreuzwerker/docker\"]",
      "instances": [
        {
          "schema_version": 2,
          "attributes": {
            "attach": false,
            "bridge": "",
            "capabilities": [],
            "cgroup_parent": null,
            "cgroupns_mode": "host",
            "command": [
              "/lib/systemd/systemd"
            ],
            "container_logs": null,
            "container_read_refresh_timeout_milliseconds": 15000,
            "cpu_period": null,
            "cpu_quota": null,
            "cpu_set": "",
            "cpu_shares": 0,
            "cpus": null,
            "destroy_grace_seconds": null,
            "device_cgroup_rules": null,
            "device_read_bps": [],
            "device_read_iops": [],
            "device_requests": [],
            "device_write_bps": [],
            "device_write_iops": [],
            "devices": [],
            "dns": null,
            "dns_opts": null,
            "dns_search": null,
            "domainname": "",
            "entrypoint": [],
            "env": [],
            "exit_code": null,
            "gpus": null,
            "group_add": null,
            "healthcheck": null,
            "host": [],
            "hostname": "a45d3b6b42f1",
            "id": "a45d3b6b42f168a5a6720e54f186de934192bc33a81ce48a83afbd7975b116e7",
            "image": "sha256:0172e3b586fc316491b5ac080e6b24c5f66cde985c27c625025f13f66a8cd21f",
            "init": false,
            "ipc_mode": "private",
            "labels": [],
            "log_driver": "json-file",
            "log_opts": null,
            "logs": false,
            "max_retry_count": 0,
            "memory": 0,
            "memory_reservation": 0,
            "memory_swap": 0,
            "mounts": [],
            "must_run": true,
            "name": "3x-node-0",
            "network_data": [
              {
                "gateway": "172.19.0.1",
                "global_ipv6_address": "",
                "global_ipv6_prefix_length": 0,
                "ip_address": "172.19.0.4",
                "ip_prefix_length": 16,
                "ipv6_gateway": "",
                "mac_address": "c6:ac:3c:eb:c5:75",
                "network_name": "molecule"
              }
            ],
            "network_mode": "bridge",
            "networks_advanced": [
              {
                "aliases": [],
                "driver_opts": [],
                "gw_priority": null,
                "ipv4_address": "",
                "ipv6_address": "",
                "link_local_ips": [],
                "mac_address": "",
                "name": "e4d69c444d25ef9ad3203a4ee44648224ddcac41072a6416cd20cf6096f6a69d"
              }
            ],
            "pid_mode": null,
            "platform": "linux",
            "ports": [
              {
                "external": 443,
                "internal": 443,
                "ip": "0.0.0.0",
                "protocol": "tcp"
              }
            ],
            "privileged": true,
            "publish_all_ports": false,
            "read_only": false,
            "remove_volumes": true,
            "restart": "no",
            "rm": false,
            "runtime": "runc",
            "security_opts": [
              "label=disable"
            ],
            "shm_size": 64,
            "start": true,
            "stdin_open": false,
            "stop_signal": "",
            "stop_timeout": 0,
            "storage_opts": null,
            "sysctls": null,
            "timeouts": null,
            "tmpfs": null,
            "tty": false,
            "ulimit": [],
            "upload": [],
            "user": "",
            "userns_mode": "",
            "volumes": [
              {
                "container_path": "/sys/fs/cgroup",
                "from_container": "",
                "host_path": "/sys/fs/cgroup",
                "read_only": false,
                "selinux_relabel": "",
                "volume_name": ""
              },
              {
                "container_path": "/var/run/docker.sock",
                "from_container": "",
                "host_path": "/var/run/docker.sock",
                "read_only": null,
                "selinux_relabel": "",
                "volume_name": ""
              }
            ],
            "wait": false,
            "wait_timeout": 60,
            "working_dir": ""
          },
          "sensitive_attributes": [],
          "identity_schema_version": 0,
          "private": "eyJlMmJmYjczMC1lY2FhLTExZTYtOGY4OC0zNDM2M2JjN2M0YzAiOnsiY3JlYXRlIjoxMjAwMDAwMDAwMDAwLCJkZWxldGUiOjEyMDAwMDAwMDAwMDAsInVwZGF0ZSI6MTIwMDAwMDAwMDAwMH0sInNjaGVtYV92ZXJzaW9uIjoiMiJ9",
          "dependencies": [
            "docker_network.molecule_network",
            "module.nodes.docker_image.ubuntu_ansible"
          ]
        }
      ]
    },
    {
      "module": "module.nodes[0]",
      "mode": "managed",
      "type": "docker_image",
      "name": "ubuntu_ansible",
      "provider": "provider[\"registry.terraform.io/kreuzwerker/docker\"]",
      "instances": [
        {
          "schema_version": 0,
          "attributes": {
            "build": [],
            "force_remove": true,
            "id": "sha256:0172e3b586fc316491b5ac080e6b24c5f66cde985c27c625025f13f66a8cd21fgeerlingguy/docker-ubuntu2204-ansible:latest",
            "image_id": "sha256:0172e3b586fc316491b5ac080e6b24c5f66cde985c27c625025f13f66a8cd21f",
            "keep_locally": null,
            "name": "geerlingguy/docker-ubuntu2204-ansible:latest",
            "platform": null,
            "pull_triggers": null,
            "repo_digest": "geerlingguy/docker-ubuntu2204-ansible@sha256:0172e3b586fc316491b5ac080e6b24c5f66cde985c27c625025f13f66a8cd21f",
            "timeouts": null,
            "triggers": null
          },
          "sensitive_attributes": [],
          "identity_schema_version": 0,
          "private": "eyJlMmJmYjczMC1lY2FhLTExZTYtOGY4OC0zNDM2M2JjN2M0YzAiOnsiY3JlYXRlIjoxMjAwMDAwMDAwMDAwLCJkZWxldGUiOjEyMDAwMDAwMDAwMDAsInVwZGF0ZSI6MTIwMDAwMDAwMDAwMH19"
        }
      ]
    },
    {
      "module": "module.panel[0]",
      "mode": "managed",
      "type": "docker_container",
      "name": "vps_test_container",
      "provider": "provider[\"registry.terraform.io/kreuzwerker/docker\"]",
      "instances": [
        {
          "schema_version": 2,
          "attributes": {
            "attach": false,
            "bridge": "",
            "capabilities": [],
            "cgroup_parent": null,
            "cgroupns_mode": "host",
            "command": [
              "/lib/systemd/systemd"
            ],
            "container_logs": null,
            "container_read_refresh_timeout_milliseconds": 15000,
            "cpu_period": null,
            "cpu_quota": null,
            "cpu_set": "",
            "cpu_shares": 0,
            "cpus": null,
            "destroy_grace_seconds": null,
            "device_cgroup_rules": null,
            "device_read_bps": [],
            "device_read_iops": [],
            "device_requests": [],
            "device_write_bps": [],
            "device_write_iops": [],
            "devices": [],
            "dns": null,
            "dns_opts": null,
            "dns_search": null,
            "domainname": "",
            "entrypoint": [],
            "env": [],
            "exit_code": null,
            "gpus": null,
            "group_add": null,
            "healthcheck": null,
            "host": [],
            "hostname": "aca65f8b1bce",
            "id": "aca65f8b1bce4e644cef91b3b291628b9cc67bcfdeebfdcad47821fc24442eb3",
            "image": "sha256:0172e3b586fc316491b5ac080e6b24c5f66cde985c27c625025f13f66a8cd21f",
            "init": false,
            "ipc_mode": "private",
            "labels": [],
            "log_driver": "json-file",
            "log_opts": null,
            "logs": false,
            "max_retry_count": 0,
            "memory": 0,
            "memory_reservation": 0,
            "memory_swap": 0,
            "mounts": [],
            "must_run": true,
            "name": "3x-ui-0",
            "network_data": [
              {
                "gateway": "172.19.0.1",
                "global_ipv6_address": "",
                "global_ipv6_prefix_length": 0,
                "ip_address": "172.19.0.3",
                "ip_prefix_length": 16,
                "ipv6_gateway": "",
                "mac_address": "2e:f0:ab:42:e5:02",
                "network_name": "molecule"
              }
            ],
            "network_mode": "bridge",
            "networks_advanced": [
              {
                "aliases": [],
                "driver_opts": [],
                "gw_priority": null,
                "ipv4_address": "",
                "ipv6_address": "",
                "link_local_ips": [],
                "mac_address": "",
                "name": "e4d69c444d25ef9ad3203a4ee44648224ddcac41072a6416cd20cf6096f6a69d"
              }
            ],
            "pid_mode": null,
            "platform": "linux",
            "ports": [
              {
                "external": 2552,
                "internal": 2552,
                "ip": "0.0.0.0",
                "protocol": "tcp"
              }
            ],
            "privileged": true,
            "publish_all_ports": false,
            "read_only": false,
            "remove_volumes": true,
            "restart": "no",
            "rm": false,
            "runtime": "runc",
            "security_opts": [
              "label=disable"
            ],
            "shm_size": 64,
            "start": true,
            "stdin_open": false,
            "stop_signal": "",
            "stop_timeout": 0,
            "storage_opts": null,
            "sysctls": null,
            "timeouts": null,
            "tmpfs": null,
            "tty": false,
            "ulimit": [],
            "upload": [],
            "user": "",
            "userns_mode": "",
            "volumes": [
              {
                "container_path": "/sys/fs/cgroup",
                "from_container": "",
                "host_path": "/sys/fs/cgroup",
                "read_only": false,
                "selinux_relabel": "",
                "volume_name": ""
              },
              {
                "container_path": "/var/run/docker.sock",
                "from_container": "",
                "host_path": "/var/run/docker.sock",
                "read_only": null,
                "selinux_relabel": "",
                "volume_name": ""
              }
            ],
            "wait": false,
            "wait_timeout": 60,
            "working_dir": ""
          },
          "sensitive_attributes": [],
          "identity_schema_version": 0,
          "private": "eyJlMmJmYjczMC1lY2FhLTExZTYtOGY4OC0zNDM2M2JjN2M0YzAiOnsiY3JlYXRlIjoxMjAwMDAwMDAwMDAwLCJkZWxldGUiOjEyMDAwMDAwMDAwMDAsInVwZGF0ZSI6MTIwMDAwMDAwMDAwMH0sInNjaGVtYV92ZXJzaW9uIjoiMiJ9",
          "dependencies": [
            "docker_network.molecule_network",
            "module.panel.docker_image.ubuntu_ansible"
          ]
        }
      ]
    },
    {
      "module": "module.panel[0]",
      "mode": "managed",
      "type": "docker_image",
      "name": "ubuntu_ansible",
      "provider": "provider[\"registry.terraform.io/kreuzwerker/docker\"]",
      "instances": [
        {
          "schema_version": 0,
          "attributes": {
            "build": [],
            "force_remove": true,
            "id": "sha256:0172e3b586fc316491b5ac080e6b24c5f66cde985c27c625025f13f66a8cd21fgeerlingguy/docker-ubuntu2204-ansible:latest",
            "image_id": "sha256:0172e3b586fc316491b5ac080e6b24c5f66cde985c27c625025f13f66a8cd21f",
            "keep_locally": null,
            "name": "geerlingguy/docker-ubuntu2204-ansible:latest",
            "platform": null,
            "pull_triggers": null,
            "repo_digest": "geerlingguy/docker-ubuntu2204-ansible@sha256:0172e3b586fc316491b5ac080e6b24c5f66cde985c27c625025f13f66a8cd21f",
            "timeouts": null,
            "triggers": null
          },
          "sensitive_attributes": [],
          "identity_schema_version": 0,
          "private": "eyJlMmJmYjczMC1lY2FhLTExZTYtOGY4OC0zNDM2M2JjN2M0YzAiOnsiY3JlYXRlIjoxMjAwMDAwMDAwMDAwLCJkZWxldGUiOjEyMDAwMDAwMDAwMDAsInVwZGF0ZSI6MTIwMDAwMDAwMDAwMH19"
        }
      ]
    },
    {
      "module": "module.spring_backend[0]",
      "mode": "managed",
      "type": "docker_container",
      "name": "vps_test_container",
      "provider": "provider[\"registry.terraform.io/kreuzwerker/docker\"]",
      "instances": [
        {
          "schema_version": 2,
          "attributes": {
            "attach": false,
            "bridge": "",
            "capabilities": [],
            "cgroup_parent": null,
            "cgroupns_mode": "host",
            "command": [
              "/lib/systemd/systemd"
            ],
            "container_logs": null,
            "container_read_refresh_timeout_milliseconds": 15000,
            "cpu_period": null,
            "cpu_quota": null,
            "cpu_set": "",
            "cpu_shares": 0,
            "cpus": null,
            "destroy_grace_seconds": null,
            "device_cgroup_rules": null,
            "device_read_bps": [],
            "device_read_iops": [],
            "device_requests": [],
            "device_write_bps": [],
            "device_write_iops": [],
            "devices": [],
            "dns": null,
            "dns_opts": null,
            "dns_search": null,
            "domainname": "",
            "entrypoint": [],
            "env": [],
            "exit_code": null,
            "gpus": null,
            "group_add": null,
            "healthcheck": null,
            "host": [],
            "hostname": "0ca83470170d",
            "id": "0ca83470170d6fdbc883dbe68de321629e69945c56bf2773b8cecbbcc2a40c73",
            "image": "sha256:0172e3b586fc316491b5ac080e6b24c5f66cde985c27c625025f13f66a8cd21f",
            "init": false,
            "ipc_mode": "private",
            "labels": [],
            "log_driver": "json-file",
            "log_opts": null,
            "logs": false,
            "max_retry_count": 0,
            "memory": 0,
            "memory_reservation": 0,
            "memory_swap": 0,
            "mounts": [],
            "must_run": true,
            "name": "spring-backend-0",
            "network_data": [
              {
                "gateway": "172.19.0.1",
                "global_ipv6_address": "",
                "global_ipv6_prefix_length": 0,
                "ip_address": "172.19.0.2",
                "ip_prefix_length": 16,
                "ipv6_gateway": "",
                "mac_address": "3a:74:8d:cb:54:c8",
                "network_name": "molecule"
              }
            ],
            "network_mode": "bridge",
            "networks_advanced": [
              {
                "aliases": [],
                "driver_opts": [],
                "gw_priority": null,
                "ipv4_address": "",
                "ipv6_address": "",
                "link_local_ips": [],
                "mac_address": "",
                "name": "e4d69c444d25ef9ad3203a4ee44648224ddcac41072a6416cd20cf6096f6a69d"
              }
            ],
            "pid_mode": null,
            "platform": "linux",
            "ports": [
              {
                "external": 32768,
                "internal": 8080,
                "ip": "0.0.0.0",
                "protocol": "tcp"
              }
            ],
            "privileged": true,
            "publish_all_ports": false,
            "read_only": false,
            "remove_volumes": true,
            "restart": "no",
            "rm": false,
            "runtime": "runc",
            "security_opts": [
              "label=disable"
            ],
            "shm_size": 64,
            "start": true,
            "stdin_open": false,
            "stop_signal": "",
            "stop_timeout": 0,
            "storage_opts": null,
            "sysctls": null,
            "timeouts": null,
            "tmpfs": null,
            "tty": false,
            "ulimit": [],
            "upload": [],
            "user": "",
            "userns_mode": "",
            "volumes": [
              {
                "container_path": "/sys/fs/cgroup",
                "from_container": "",
                "host_path": "/sys/fs/cgroup",
                "read_only": false,
                "selinux_relabel": "",
                "volume_name": ""
              },
              {
                "container_path": "/var/run/docker.sock",
                "from_container": "",
                "host_path": "/var/run/docker.sock",
                "read_only": null,
                "selinux_relabel": "",
                "volume_name": ""
              }
            ],
            "wait": false,
            "wait_timeout": 60,
            "working_dir": ""
          },
          "sensitive_attributes": [],
          "identity_schema_version": 0,
          "private": "eyJlMmJmYjczMC1lY2FhLTExZTYtOGY4OC0zNDM2M2JjN2M0YzAiOnsiY3JlYXRlIjoxMjAwMDAwMDAwMDAwLCJkZWxldGUiOjEyMDAwMDAwMDAwMDAsInVwZGF0ZSI6MTIwMDAwMDAwMDAwMH0sInNjaGVtYV92ZXJzaW9uIjoiMiJ9",
          "dependencies": [
            "docker_network.molecule_network",
            "module.spring_backend.docker_image.ubuntu_ansible"
          ]
        }
      ]
    },
    {
      "module": "module.spring_backend[0]",
      "mode": "managed",
      "type": "docker_image",
      "name": "ubuntu_ansible",
      "provider": "provider[\"registry.terraform.io/kreuzwerker/docker\"]",
      "instances": [
        {
          "schema_version": 0,
          "attributes": {
            "build": [],
            "force_remove": true,
            "id": "sha256:0172e3b586fc316491b5ac080e6b24c5f66cde985c27c625025f13f66a8cd21fgeerlingguy/docker-ubuntu2204-ansible:latest",
            "image_id": "sha256:0172e3b586fc316491b5ac080e6b24c5f66cde985c27c625025f13f66a8cd21f",
            "keep_locally": null,
            "name": "geerlingguy/docker-ubuntu2204-ansible:latest",
            "platform": null,
            "pull_triggers": null,
            "repo_digest": "geerlingguy/docker-ubuntu2204-ansible@sha256:0172e3b586fc316491b5ac080e6b24c5f66cde985c27c625025f13f66a8cd21f",
            "timeouts": null,
            "triggers": null
          },
          "sensitive_attributes": [],
          "identity_schema_version": 0,
          "private": "eyJlMmJmYjczMC1lY2FhLTExZTYtOGY4OC0zNDM2M2JjN2M0YzAiOnsiY3JlYXRlIjoxMjAwMDAwMDAwMDAwLCJkZWxldGUiOjEyMDAwMDAwMDAwMDAsInVwZGF0ZSI6MTIwMDAwMDAwMDAwMH19"
        }
      ]
    }
  ],
  "check_results": null
}
