{
  "version": 4,
  "terraform_version": "1.15.8",
  "serial": 2298,
  "lineage": "4f744d9b-33ca-1d3b-d42f-eff46b74ac79",
  "outputs": {
    "instances": {
      "value": {
        "3x-ui-0": {
          "ansible_connection": "docker",
          "ansible_host": "3x-ui-0",
          "name": "3x-ui-0",
          "panel_port": 2552
        },
        "spring-backend-0": {
          "ansible_connection": "docker",
          "ansible_host": "spring-backend-0",
          "name": "spring-backend-0"
        }
      },
      "type": [
        "object",
        {
          "3x-ui-0": [
            "object",
            {
              "ansible_connection": "string",
              "ansible_host": "string",
              "name": "string",
              "panel_port": "number"
            }
          ],
          "spring-backend-0": [
            "object",
            {
              "ansible_connection": "string",
              "ansible_host": "string",
              "name": "string"
            }
          ]
        }
      ]
    }
  },
  "resources": [
    {
      "mode": "managed",
      "type": "docker_network",
      "name": "molecule_network",
      "provider": "provider[\"registry.terraform.io/kreuzwerker/docker\"]",
      "instances": [
        {
          "schema_version": 1,
          "attributes": {
            "attachable": false,
            "driver": "bridge",
            "id": "c0285e84d298f49a9f41298a28761c471bf9acb0885b978f98c358aea50c2180",
            "ingress": false,
            "internal": false,
            "ipam_config": [
              {
                "aux_address": {},
                "gateway": "172.19.0.1",
                "ip_range": "",
                "subnet": "172.19.0.0/16"
              }
            ],
            "ipam_driver": "default",
            "ipam_options": null,
            "ipv6": false,
            "labels": [],
            "name": "molecule",
            "options": {},
            "scope": "local"
          },
          "sensitive_attributes": [],
          "identity_schema_version": 0,
          "private": "eyJzY2hlbWFfdmVyc2lvbiI6IjEifQ=="
        }
      ]
    },
    {
      "mode": "managed",
      "type": "local_file",
      "name": "ansible_inventory",
      "provider": "provider[\"registry.terraform.io/hashicorp/local\"]",
      "instances": [
        {
          "schema_version": 0,
          "attributes": {
            "content": "\"all\":\n  \"children\":\n    \"nodes\":\n      \"hosts\":\n        \"3x-node-0\":\n          \"access_port\": 33676\n          \"ansible_connection\": \"docker\"\n          \"ansible_host\": \"3x-node-0\"\n          \"location\": \"am2\"\n        \"3x-node-1\":\n          \"access_port\": 44142\n          \"ansible_connection\": \"docker\"\n          \"ansible_host\": \"3x-node-1\"\n          \"location\": \"am2\"\n        \"3x-node-2\":\n          \"access_port\": 40817\n          \"ansible_connection\": \"docker\"\n          \"ansible_host\": \"3x-node-2\"\n          \"location\": \"am2\"\n    \"panels\":\n      \"hosts\":\n        \"3x-ui-0\":\n          \"access_port\": 2552\n          \"ansible_connection\": \"docker\"\n          \"ansible_host\": \"3x-ui-0\"\n    \"spring_backends\":\n      \"hosts\":\n        \"spring-backend-0\":\n          \"access_port\": 443\n          \"ansible_connection\": \"docker\"\n          \"ansible_host\": \"spring-backend-0\"\n",
            "content_base64": null,
            "content_base64sha256": "elXSrNRyJlmS/asjLIu0Hjz6+xeyowGx4oKO9UcnCyE=",
            "content_base64sha512": "yu1dWZjqIqVMtBVv11PqkDps7x//bMGSixfn43mXrGu/TKLuEMVCEn3ObeQEe0rMuxzsRJPfNaxcTclyBEouFQ==",
            "content_md5": "4bcb734f46f1591275e4eaf482e7a3bb",
            "content_sha1": "1747977ffd25b2a7721b6d8da6efcb6707a50f4f",
            "content_sha256": "7a55d2acd472265992fdab232c8bb41e3cfafb17b2a301b1e2828ef547270b21",
            "content_sha512": "caed5d5998ea22a54cb4156fd753ea903a6cef1fff6cc1928b17e7e37997ac6bbf4ca2ee10c542127dce6de4047b4accbb1cec4493df35ac5c4dc972044a2e15",
            "directory_permission": "0777",
            "file_permission": "0777",
            "filename": "./../ansible/inventories/staging/terraform_hosts.yml",
            "id": "1747977ffd25b2a7721b6d8da6efcb6707a50f4f",
            "sensitive_content": null,
            "source": null
          },
          "sensitive_attributes": [
            [
              {
                "type": "get_attr",
                "value": "sensitive_content"
              }
            ]
          ],
          "identity_schema_version": 0,
          "dependencies": [
            "docker_network.molecule_network",
            "module.nodes.docker_container.vps_test_container",
            "module.nodes.docker_image.ubuntu_ansible",
            "module.nodes.random_integer.inbound_port",
            "module.panel.docker_container.vps_test_container",
            "module.panel.docker_image.ubuntu_ansible",
            "module.spring_backend.docker_container.vps_test_container",
            "module.spring_backend.docker_image.ubuntu_ansible"
          ]
        }
      ]
    },
    {
      "module": "module.nodes",
      "mode": "managed",
      "type": "docker_container",
      "name": "vps_test_container",
      "provider": "provider[\"registry.terraform.io/kreuzwerker/docker\"]",
      "instances": [
        {
          "index_key": 0,
          "schema_version": 2,
          "attributes": {
            "attach": false,
            "bridge": "",
            "capabilities": [],
            "cgroup_parent": null,
            "cgroupns_mode": "host",
            "command": [
              "/lib/systemd/systemd"
            ],
            "container_logs": null,
            "container_read_refresh_timeout_milliseconds": 15000,
            "cpu_period": null,
            "cpu_quota": null,
            "cpu_set": "",
            "cpu_shares": 0,
            "cpus": null,
            "destroy_grace_seconds": null,
            "device_cgroup_rules": null,
            "device_read_bps": [],
            "device_read_iops": [],
            "device_requests": [],
            "device_write_bps": [],
            "device_write_iops": [],
            "devices": [],
            "dns": null,
            "dns_opts": null,
            "dns_search": null,
            "domainname": "",
            "entrypoint": [],
            "env": [],
            "exit_code": null,
            "gpus": null,
            "group_add": null,
            "healthcheck": null,
            "host": [],
            "hostname": "06e2bbf5621b",
            "id": "06e2bbf5621bab2769b84bb032bd272ba51a5e33e49df6f12d4421a4a276bccc",
            "image": "sha256:0172e3b586fc316491b5ac080e6b24c5f66cde985c27c625025f13f66a8cd21f",
            "init": false,
            "ipc_mode": "private",
            "labels": [],
            "log_driver": "json-file",
            "log_opts": null,
            "logs": false,
            "max_retry_count": 0,
            "memory": 0,
            "memory_reservation": 0,
            "memory_swap": 0,
            "mounts": [],
            "must_run": true,
            "name": "3x-node-0",
            "network_data": [
              {
                "gateway": "172.19.0.1",
                "global_ipv6_address": "",
                "global_ipv6_prefix_length": 0,
                "ip_address": "172.19.0.5",
                "ip_prefix_length": 16,
                "ipv6_gateway": "",
                "mac_address": "ee:2d:22:ed:0a:9a",
                "network_name": "molecule"
              }
            ],
            "network_mode": "bridge",
            "networks_advanced": [
              {
                "aliases": [],
                "driver_opts": [],
                "gw_priority": null,
                "ipv4_address": "",
                "ipv6_address": "",
                "link_local_ips": [],
                "mac_address": "",
                "name": "c0285e84d298f49a9f41298a28761c471bf9acb0885b978f98c358aea50c2180"
              }
            ],
            "pid_mode": null,
            "platform": "linux",
            "ports": [
              {
                "external": 33676,
                "internal": 33676,
                "ip": "0.0.0.0",
                "protocol": "tcp"
              }
            ],
            "privileged": true,
            "publish_all_ports": false,
            "read_only": false,
            "remove_volumes": true,
            "restart": "no",
            "rm": false,
            "runtime": "runc",
            "security_opts": [
              "label=disable"
            ],
            "shm_size": 64,
            "start": true,
            "stdin_open": false,
            "stop_signal": "",
            "stop_timeout": 0,
            "storage_opts": null,
            "sysctls": null,
            "timeouts": null,
            "tmpfs": null,
            "tty": false,
            "ulimit": [],
            "upload": [],
            "user": "",
            "userns_mode": "",
            "volumes": [
              {
                "container_path": "/sys/fs/cgroup",
                "from_container": "",
                "host_path": "/sys/fs/cgroup",
                "read_only": false,
                "selinux_relabel": "",
                "volume_name": ""
              },
              {
                "container_path": "/var/run/docker.sock",
                "from_container": "",
                "host_path": "/var/run/docker.sock",
                "read_only": null,
                "selinux_relabel": "",
                "volume_name": ""
              }
            ],
            "wait": false,
            "wait_timeout": 60,
            "working_dir": ""
          },
          "sensitive_attributes": [],
          "identity_schema_version": 0,
          "private": "eyJlMmJmYjczMC1lY2FhLTExZTYtOGY4OC0zNDM2M2JjN2M0YzAiOnsiY3JlYXRlIjoxMjAwMDAwMDAwMDAwLCJkZWxldGUiOjEyMDAwMDAwMDAwMDAsInVwZGF0ZSI6MTIwMDAwMDAwMDAwMH0sInNjaGVtYV92ZXJzaW9uIjoiMiJ9",
          "dependencies": [
            "docker_network.molecule_network",
            "module.nodes.docker_image.ubuntu_ansible",
            "module.nodes.random_integer.inbound_port"
          ]
        },
        {
          "index_key": 1,
          "schema_version": 2,
          "attributes": {
            "attach": false,
            "bridge": "",
            "capabilities": [],
            "cgroup_parent": null,
            "cgroupns_mode": "host",
            "command": [
              "/lib/systemd/systemd"
            ],
            "container_logs": null,
            "container_read_refresh_timeout_milliseconds": 15000,
            "cpu_period": null,
            "cpu_quota": null,
            "cpu_set": "",
            "cpu_shares": 0,
            "cpus": null,
            "destroy_grace_seconds": null,
            "device_cgroup_rules": null,
            "device_read_bps": [],
            "device_read_iops": [],
            "device_requests": [],
            "device_write_bps": [],
            "device_write_iops": [],
            "devices": [],
            "dns": null,
            "dns_opts": null,
            "dns_search": null,
            "domainname": "",
            "entrypoint": [],
            "env": [],
            "exit_code": null,
            "gpus": null,
            "group_add": null,
            "healthcheck": null,
            "host": [],
            "hostname": "fc367db52bfb",
            "id": "fc367db52bfb793cd91589c3438f5f49acc67f6189f422c3ec8c3ea197bf49a0",
            "image": "sha256:0172e3b586fc316491b5ac080e6b24c5f66cde985c27c625025f13f66a8cd21f",
            "init": false,
            "ipc_mode": "private",
            "labels": [],
            "log_driver": "json-file",
            "log_opts": null,
            "logs": false,
            "max_retry_count": 0,
            "memory": 0,
            "memory_reservation": 0,
            "memory_swap": 0,
            "mounts": [],
            "must_run": true,
            "name": "3x-node-1",
            "network_data": [
              {
                "gateway": "172.19.0.1",
                "global_ipv6_address": "",
                "global_ipv6_prefix_length": 0,
                "ip_address": "172.19.0.4",
                "ip_prefix_length": 16,
                "ipv6_gateway": "",
                "mac_address": "4e:85:ca:9e:7f:62",
                "network_name": "molecule"
              }
            ],
            "network_mode": "bridge",
            "networks_advanced": [
              {
                "aliases": [],
                "driver_opts": [],
                "gw_priority": null,
                "ipv4_address": "",
                "ipv6_address": "",
                "link_local_ips": [],
                "mac_address": "",
                "name": "c0285e84d298f49a9f41298a28761c471bf9acb0885b978f98c358aea50c2180"
              }
            ],
            "pid_mode": null,
            "platform": "linux",
            "ports": [
              {
                "external": 44142,
                "internal": 44142,
                "ip": "0.0.0.0",
                "protocol": "tcp"
              }
            ],
            "privileged": true,
            "publish_all_ports": false,
            "read_only": false,
            "remove_volumes": true,
            "restart": "no",
            "rm": false,
            "runtime": "runc",
            "security_opts": [
              "label=disable"
            ],
            "shm_size": 64,
            "start": true,
            "stdin_open": false,
            "stop_signal": "",
            "stop_timeout": 0,
            "storage_opts": null,
            "sysctls": null,
            "timeouts": null,
            "tmpfs": null,
            "tty": false,
            "ulimit": [],
            "upload": [],
            "user": "",
            "userns_mode": "",
            "volumes": [
              {
                "container_path": "/sys/fs/cgroup",
                "from_container": "",
                "host_path": "/sys/fs/cgroup",
                "read_only": false,
                "selinux_relabel": "",
                "volume_name": ""
              },
              {
                "container_path": "/var/run/docker.sock",
                "from_container": "",
                "host_path": "/var/run/docker.sock",
                "read_only": null,
                "selinux_relabel": "",
                "volume_name": ""
              }
            ],
            "wait": false,
            "wait_timeout": 60,
            "working_dir": ""
          },
          "sensitive_attributes": [],
          "identity_schema_version": 0,
          "private": "eyJlMmJmYjczMC1lY2FhLTExZTYtOGY4OC0zNDM2M2JjN2M0YzAiOnsiY3JlYXRlIjoxMjAwMDAwMDAwMDAwLCJkZWxldGUiOjEyMDAwMDAwMDAwMDAsInVwZGF0ZSI6MTIwMDAwMDAwMDAwMH0sInNjaGVtYV92ZXJzaW9uIjoiMiJ9",
          "dependencies": [
            "docker_network.molecule_network",
            "module.nodes.docker_image.ubuntu_ansible",
            "module.nodes.random_integer.inbound_port"
          ]
        },
        {
          "index_key": 2,
          "schema_version": 2,
          "attributes": {
            "attach": false,
            "bridge": "",
            "capabilities": [],
            "cgroup_parent": null,
            "cgroupns_mode": "host",
            "command": [
              "/lib/systemd/systemd"
            ],
            "container_logs": null,
            "container_read_refresh_timeout_milliseconds": 15000,
            "cpu_period": null,
            "cpu_quota": null,
            "cpu_set": "",
            "cpu_shares": 0,
            "cpus": null,
            "destroy_grace_seconds": null,
            "device_cgroup_rules": null,
            "device_read_bps": [],
            "device_read_iops": [],
            "device_requests": [],
            "device_write_bps": [],
            "device_write_iops": [],
            "devices": [],
            "dns": null,
            "dns_opts": null,
            "dns_search": null,
            "domainname": "",
            "entrypoint": [],
            "env": [],
            "exit_code": null,
            "gpus": null,
            "group_add": null,
            "healthcheck": null,
            "host": [],
            "hostname": "9df3bed6a1eb",
            "id": "9df3bed6a1eb645f997697156c808df593a56aa83019fea391a2da5101c53399",
            "image": "sha256:0172e3b586fc316491b5ac080e6b24c5f66cde985c27c625025f13f66a8cd21f",
            "init": false,
            "ipc_mode": "private",
            "labels": [],
            "log_driver": "json-file",
            "log_opts": null,
            "logs": false,
            "max_retry_count": 0,
            "memory": 0,
            "memory_reservation": 0,
            "memory_swap": 0,
            "mounts": [],
            "must_run": true,
            "name": "3x-node-2",
            "network_data": [
              {
                "gateway": "172.19.0.1",
                "global_ipv6_address": "",
                "global_ipv6_prefix_length": 0,
                "ip_address": "172.19.0.3",
                "ip_prefix_length": 16,
                "ipv6_gateway": "",
                "mac_address": "fe:10:b0:96:f4:36",
                "network_name": "molecule"
              }
            ],
            "network_mode": "bridge",
            "networks_advanced": [
              {
                "aliases": [],
                "driver_opts": [],
                "gw_priority": null,
                "ipv4_address": "",
                "ipv6_address": "",
                "link_local_ips": [],
                "mac_address": "",
                "name": "c0285e84d298f49a9f41298a28761c471bf9acb0885b978f98c358aea50c2180"
              }
            ],
            "pid_mode": null,
            "platform": "linux",
            "ports": [
              {
                "external": 40817,
                "internal": 40817,
                "ip": "0.0.0.0",
                "protocol": "tcp"
              }
            ],
            "privileged": true,
            "publish_all_ports": false,
            "read_only": false,
            "remove_volumes": true,
            "restart": "no",
            "rm": false,
            "runtime": "runc",
            "security_opts": [
              "label=disable"
            ],
            "shm_size": 64,
            "start": true,
            "stdin_open": false,
            "stop_signal": "",
            "stop_timeout": 0,
            "storage_opts": null,
            "sysctls": null,
            "timeouts": null,
            "tmpfs": null,
            "tty": false,
            "ulimit": [],
            "upload": [],
            "user": "",
            "userns_mode": "",
            "volumes": [
              {
                "container_path": "/sys/fs/cgroup",
                "from_container": "",
                "host_path": "/sys/fs/cgroup",
                "read_only": false,
                "selinux_relabel": "",
                "volume_name": ""
              },
              {
                "container_path": "/var/run/docker.sock",
                "from_container": "",
                "host_path": "/var/run/docker.sock",
                "read_only": null,
                "selinux_relabel": "",
                "volume_name": ""
              }
            ],
            "wait": false,
            "wait_timeout": 60,
            "working_dir": ""
          },
          "sensitive_attributes": [],
          "identity_schema_version": 0,
          "private": "eyJlMmJmYjczMC1lY2FhLTExZTYtOGY4OC0zNDM2M2JjN2M0YzAiOnsiY3JlYXRlIjoxMjAwMDAwMDAwMDAwLCJkZWxldGUiOjEyMDAwMDAwMDAwMDAsInVwZGF0ZSI6MTIwMDAwMDAwMDAwMH0sInNjaGVtYV92ZXJzaW9uIjoiMiJ9",
          "dependencies": [
            "docker_network.molecule_network",
            "module.nodes.docker_image.ubuntu_ansible",
            "module.nodes.random_integer.inbound_port"
          ]
        }
      ]
    },
    {
      "module": "module.nodes",
      "mode": "managed",
      "type": "docker_image",
      "name": "ubuntu_ansible",
      "provider": "provider[\"registry.terraform.io/kreuzwerker/docker\"]",
      "instances": [
        {
          "schema_version": 0,
          "attributes": {
            "build": [],
            "force_remove": true,
            "id": "sha256:0172e3b586fc316491b5ac080e6b24c5f66cde985c27c625025f13f66a8cd21fgeerlingguy/docker-ubuntu2204-ansible:latest",
            "image_id": "sha256:0172e3b586fc316491b5ac080e6b24c5f66cde985c27c625025f13f66a8cd21f",
            "keep_locally": null,
            "name": "geerlingguy/docker-ubuntu2204-ansible:latest",
            "platform": null,
            "pull_triggers": null,
            "repo_digest": "geerlingguy/docker-ubuntu2204-ansible@sha256:0172e3b586fc316491b5ac080e6b24c5f66cde985c27c625025f13f66a8cd21f",
            "timeouts": null,
            "triggers": null
          },
          "sensitive_attributes": [],
          "identity_schema_version": 0,
          "private": "eyJlMmJmYjczMC1lY2FhLTExZTYtOGY4OC0zNDM2M2JjN2M0YzAiOnsiY3JlYXRlIjoxMjAwMDAwMDAwMDAwLCJkZWxldGUiOjEyMDAwMDAwMDAwMDAsInVwZGF0ZSI6MTIwMDAwMDAwMDAwMH19"
        }
      ]
    },
    {
      "module": "module.nodes",
      "mode": "managed",
      "type": "random_integer",
      "name": "inbound_port",
      "provider": "provider[\"registry.terraform.io/hashicorp/random\"]",
      "instances": [
        {
          "index_key": 0,
          "schema_version": 0,
          "attributes": {
            "id": "33676",
            "keepers": {
              "id": "3"
            },
            "max": 64399,
            "min": 1000,
            "result": 33676,
            "seed": null
          },
          "sensitive_attributes": [],
          "identity_schema_version": 0
        },
        {
          "index_key": 1,
          "schema_version": 0,
          "attributes": {
            "id": "44142",
            "keepers": {
              "id": "3"
            },
            "max": 64399,
            "min": 1000,
            "result": 44142,
            "seed": null
          },
          "sensitive_attributes": [],
          "identity_schema_version": 0
        },
        {
          "index_key": 2,
          "schema_version": 0,
          "attributes": {
            "id": "40817",
            "keepers": {
              "id": "3"
            },
            "max": 64399,
            "min": 1000,
            "result": 40817,
            "seed": null
          },
          "sensitive_attributes": [],
          "identity_schema_version": 0
        }
      ]
    },
    {
      "module": "module.panel[0]",
      "mode": "managed",
      "type": "docker_container",
      "name": "vps_test_container",
      "provider": "provider[\"registry.terraform.io/kreuzwerker/docker\"]",
      "instances": [
        {
          "schema_version": 2,
          "attributes": {
            "attach": false,
            "bridge": "",
            "capabilities": [],
            "cgroup_parent": null,
            "cgroupns_mode": "host",
            "command": [
              "/lib/systemd/systemd"
            ],
            "container_logs": null,
            "container_read_refresh_timeout_milliseconds": 15000,
            "cpu_period": null,
            "cpu_quota": null,
            "cpu_set": "",
            "cpu_shares": 0,
            "cpus": null,
            "destroy_grace_seconds": null,
            "device_cgroup_rules": null,
            "device_read_bps": [],
            "device_read_iops": [],
            "device_requests": [],
            "device_write_bps": [],
            "device_write_iops": [],
            "devices": [],
            "dns": null,
            "dns_opts": null,
            "dns_search": null,
            "domainname": "",
            "entrypoint": [],
            "env": [],
            "exit_code": null,
            "gpus": null,
            "group_add": null,
            "healthcheck": null,
            "host": [],
            "hostname": "b0f583f87e76",
            "id": "b0f583f87e766267f6c83d1a00e1bb26cd578b63d5ea71ad0af16b7f95663f88",
            "image": "sha256:0172e3b586fc316491b5ac080e6b24c5f66cde985c27c625025f13f66a8cd21f",
            "init": false,
            "ipc_mode": "private",
            "labels": [],
            "log_driver": "json-file",
            "log_opts": null,
            "logs": false,
            "max_retry_count": 0,
            "memory": 0,
            "memory_reservation": 0,
            "memory_swap": 0,
            "mounts": [],
            "must_run": true,
            "name": "3x-ui-0",
            "network_data": [
              {
                "gateway": "172.19.0.1",
                "global_ipv6_address": "",
                "global_ipv6_prefix_length": 0,
                "ip_address": "172.19.0.6",
                "ip_prefix_length": 16,
                "ipv6_gateway": "",
                "mac_address": "da:84:29:5e:ea:a0",
                "network_name": "molecule"
              }
            ],
            "network_mode": "bridge",
            "networks_advanced": [
              {
                "aliases": [],
                "driver_opts": [],
                "gw_priority": null,
                "ipv4_address": "",
                "ipv6_address": "",
                "link_local_ips": [],
                "mac_address": "",
                "name": "c0285e84d298f49a9f41298a28761c471bf9acb0885b978f98c358aea50c2180"
              }
            ],
            "pid_mode": null,
            "platform": "linux",
            "ports": [
              {
                "external": 2552,
                "internal": 2552,
                "ip": "0.0.0.0",
                "protocol": "tcp"
              }
            ],
            "privileged": true,
            "publish_all_ports": false,
            "read_only": false,
            "remove_volumes": true,
            "restart": "no",
            "rm": false,
            "runtime": "runc",
            "security_opts": [
              "label=disable"
            ],
            "shm_size": 64,
            "start": true,
            "stdin_open": false,
            "stop_signal": "",
            "stop_timeout": 0,
            "storage_opts": null,
            "sysctls": null,
            "timeouts": null,
            "tmpfs": null,
            "tty": false,
            "ulimit": [],
            "upload": [],
            "user": "",
            "userns_mode": "",
            "volumes": [
              {
                "container_path": "/sys/fs/cgroup",
                "from_container": "",
                "host_path": "/sys/fs/cgroup",
                "read_only": false,
                "selinux_relabel": "",
                "volume_name": ""
              },
              {
                "container_path": "/var/run/docker.sock",
                "from_container": "",
                "host_path": "/var/run/docker.sock",
                "read_only": null,
                "selinux_relabel": "",
                "volume_name": ""
              }
            ],
            "wait": false,
            "wait_timeout": 60,
            "working_dir": ""
          },
          "sensitive_attributes": [],
          "identity_schema_version": 0,
          "private": "eyJlMmJmYjczMC1lY2FhLTExZTYtOGY4OC0zNDM2M2JjN2M0YzAiOnsiY3JlYXRlIjoxMjAwMDAwMDAwMDAwLCJkZWxldGUiOjEyMDAwMDAwMDAwMDAsInVwZGF0ZSI6MTIwMDAwMDAwMDAwMH0sInNjaGVtYV92ZXJzaW9uIjoiMiJ9",
          "dependencies": [
            "docker_network.molecule_network",
            "module.panel.docker_image.ubuntu_ansible"
          ]
        }
      ]
    },
    {
      "module": "module.panel[0]",
      "mode": "managed",
      "type": "docker_image",
      "name": "ubuntu_ansible",
      "provider": "provider[\"registry.terraform.io/kreuzwerker/docker\"]",
      "instances": [
        {
          "schema_version": 0,
          "attributes": {
            "build": [],
            "force_remove": true,
            "id": "sha256:0172e3b586fc316491b5ac080e6b24c5f66cde985c27c625025f13f66a8cd21fgeerlingguy/docker-ubuntu2204-ansible:latest",
            "image_id": "sha256:0172e3b586fc316491b5ac080e6b24c5f66cde985c27c625025f13f66a8cd21f",
            "keep_locally": null,
            "name": "geerlingguy/docker-ubuntu2204-ansible:latest",
            "platform": null,
            "pull_triggers": null,
            "repo_digest": "geerlingguy/docker-ubuntu2204-ansible@sha256:0172e3b586fc316491b5ac080e6b24c5f66cde985c27c625025f13f66a8cd21f",
            "timeouts": null,
            "triggers": null
          },
          "sensitive_attributes": [],
          "identity_schema_version": 0,
          "private": "eyJlMmJmYjczMC1lY2FhLTExZTYtOGY4OC0zNDM2M2JjN2M0YzAiOnsiY3JlYXRlIjoxMjAwMDAwMDAwMDAwLCJkZWxldGUiOjEyMDAwMDAwMDAwMDAsInVwZGF0ZSI6MTIwMDAwMDAwMDAwMH19"
        }
      ]
    },
    {
      "module": "module.spring_backend[0]",
      "mode": "managed",
      "type": "docker_container",
      "name": "vps_test_container",
      "provider": "provider[\"registry.terraform.io/kreuzwerker/docker\"]",
      "instances": [
        {
          "schema_version": 2,
          "attributes": {
            "attach": false,
            "bridge": "",
            "capabilities": [],
            "cgroup_parent": null,
            "cgroupns_mode": "host",
            "command": [
              "/lib/systemd/systemd"
            ],
            "container_logs": null,
            "container_read_refresh_timeout_milliseconds": 15000,
            "cpu_period": null,
            "cpu_quota": null,
            "cpu_set": "",
            "cpu_shares": 0,
            "cpus": null,
            "destroy_grace_seconds": null,
            "device_cgroup_rules": null,
            "device_read_bps": [],
            "device_read_iops": [],
            "device_requests": [],
            "device_write_bps": [],
            "device_write_iops": [],
            "devices": [],
            "dns": null,
            "dns_opts": null,
            "dns_search": null,
            "domainname": "",
            "entrypoint": [],
            "env": [],
            "exit_code": null,
            "gpus": null,
            "group_add": null,
            "healthcheck": null,
            "host": [],
            "hostname": "133da8d93e13",
            "id": "133da8d93e13068d7934402bac46c7e97f9773c3086d3236a5d36b18c73b0300",
            "image": "sha256:0172e3b586fc316491b5ac080e6b24c5f66cde985c27c625025f13f66a8cd21f",
            "init": false,
            "ipc_mode": "private",
            "labels": [],
            "log_driver": "json-file",
            "log_opts": null,
            "logs": false,
            "max_retry_count": 0,
            "memory": 0,
            "memory_reservation": 0,
            "memory_swap": 0,
            "mounts": [],
            "must_run": true,
            "name": "spring-backend-0",
            "network_data": [
              {
                "gateway": "172.19.0.1",
                "global_ipv6_address": "",
                "global_ipv6_prefix_length": 0,
                "ip_address": "172.19.0.2",
                "ip_prefix_length": 16,
                "ipv6_gateway": "",
                "mac_address": "3e:c0:8a:57:86:6f",
                "network_name": "molecule"
              }
            ],
            "network_mode": "bridge",
            "networks_advanced": [
              {
                "aliases": [],
                "driver_opts": [],
                "gw_priority": null,
                "ipv4_address": "",
                "ipv6_address": "",
                "link_local_ips": [],
                "mac_address": "",
                "name": "c0285e84d298f49a9f41298a28761c471bf9acb0885b978f98c358aea50c2180"
              }
            ],
            "pid_mode": null,
            "platform": "linux",
            "ports": [
              {
                "external": 32774,
                "internal": 8080,
                "ip": "0.0.0.0",
                "protocol": "tcp"
              }
            ],
            "privileged": true,
            "publish_all_ports": false,
            "read_only": false,
            "remove_volumes": true,
            "restart": "no",
            "rm": false,
            "runtime": "runc",
            "security_opts": [
              "label=disable"
            ],
            "shm_size": 64,
            "start": true,
            "stdin_open": false,
            "stop_signal": "",
            "stop_timeout": 0,
            "storage_opts": null,
            "sysctls": null,
            "timeouts": null,
            "tmpfs": null,
            "tty": false,
            "ulimit": [],
            "upload": [],
            "user": "",
            "userns_mode": "",
            "volumes": [
              {
                "container_path": "/sys/fs/cgroup",
                "from_container": "",
                "host_path": "/sys/fs/cgroup",
                "read_only": false,
                "selinux_relabel": "",
                "volume_name": ""
              },
              {
                "container_path": "/var/run/docker.sock",
                "from_container": "",
                "host_path": "/var/run/docker.sock",
                "read_only": null,
                "selinux_relabel": "",
                "volume_name": ""
              }
            ],
            "wait": false,
            "wait_timeout": 60,
            "working_dir": ""
          },
          "sensitive_attributes": [],
          "identity_schema_version": 0,
          "private": "eyJlMmJmYjczMC1lY2FhLTExZTYtOGY4OC0zNDM2M2JjN2M0YzAiOnsiY3JlYXRlIjoxMjAwMDAwMDAwMDAwLCJkZWxldGUiOjEyMDAwMDAwMDAwMDAsInVwZGF0ZSI6MTIwMDAwMDAwMDAwMH0sInNjaGVtYV92ZXJzaW9uIjoiMiJ9",
          "dependencies": [
            "docker_network.molecule_network",
            "module.spring_backend.docker_image.ubuntu_ansible"
          ]
        }
      ]
    },
    {
      "module": "module.spring_backend[0]",
      "mode": "managed",
      "type": "docker_image",
      "name": "ubuntu_ansible",
      "provider": "provider[\"registry.terraform.io/kreuzwerker/docker\"]",
      "instances": [
        {
          "schema_version": 0,
          "attributes": {
            "build": [],
            "force_remove": true,
            "id": "sha256:0172e3b586fc316491b5ac080e6b24c5f66cde985c27c625025f13f66a8cd21fgeerlingguy/docker-ubuntu2204-ansible:latest",
            "image_id": "sha256:0172e3b586fc316491b5ac080e6b24c5f66cde985c27c625025f13f66a8cd21f",
            "keep_locally": null,
            "name": "geerlingguy/docker-ubuntu2204-ansible:latest",
            "platform": null,
            "pull_triggers": null,
            "repo_digest": "geerlingguy/docker-ubuntu2204-ansible@sha256:0172e3b586fc316491b5ac080e6b24c5f66cde985c27c625025f13f66a8cd21f",
            "timeouts": null,
            "triggers": null
          },
          "sensitive_attributes": [],
          "identity_schema_version": 0,
          "private": "eyJlMmJmYjczMC1lY2FhLTExZTYtOGY4OC0zNDM2M2JjN2M0YzAiOnsiY3JlYXRlIjoxMjAwMDAwMDAwMDAwLCJkZWxldGUiOjEyMDAwMDAwMDAwMDAsInVwZGF0ZSI6MTIwMDAwMDAwMDAwMH19"
        }
      ]
    }
  ],
  "check_results": null
}
